PODS:
  - Alamofire (5.4.3)
  - FSCalendar (2.8.2)
  - lottie-ios (3.2.3)
  - Moya (14.0.0):
    - Moya/Core (= 14.0.0)
  - Moya/Core (14.0.0):
    - Alamofire (~> 5.0)
  - SnapKit (5.0.1)
  - SwiftLint (0.43.1)
  - Then (2.7.0)

DEPENDENCIES:
  - FSCalendar
  - lottie-ios
  - Moya (~> 14.0)
  - SnapKit (~> 5.0.0)
  - SwiftLint
  - Then

SPEC REPOS:
  trunk:
    - Alamofire
    - FSCalendar
    - lottie-ios
    - Moya
    - SnapKit
    - SwiftLint
    - Then

SPEC CHECKSUMS:
  Alamofire: e447a2774a40c996748296fa2c55112fdbbc42f9
  FSCalendar: e6a2eb9c571bf0719ed797ef807e08426753c241
  lottie-ios: c058aeafa76daa4cf64d773554bccc8385d0150e
  Moya: 5b45dacb75adb009f97fde91c204c1e565d31916
  SnapKit: 97b92857e3df3a0c71833cce143274bf6ef8e5eb
  SwiftLint: 99f82d07b837b942dd563c668de129a03fc3fb52
  Then: acfe0be7e98221c6204e12f8161459606d5d822d

PODFILE CHECKSUM: 00e0698055207815993d6718879867dd5c6049b9

COCOAPODS: 1.10.1
