// !$*UTF8*$!
{
	archiveVersion = 1;
	classes = {
	};
	objectVersion = 51;
	objects = {

/* Begin PBXBuildFile section */
		182C1D6A26934518006C6511 /* PartCollectionViewCell.swift in Sources */ = {isa = PBXBuildFile; fileRef = 182C1D6826934518006C6511 /* PartCollectionViewCell.swift */; };
		182C1D6B26934518006C6511 /* PartCollectionViewCell.xib in Resources */ = {isa = PBXBuildFile; fileRef = 182C1D6926934518006C6511 /* PartCollectionViewCell.xib */; };
		1850441F26982212009C0F50 /* CustomLabelAlertView.swift in Sources */ = {isa = PBXBuildFile; fileRef = 1850441E26982212009C0F50 /* CustomLabelAlertView.swift */; };
		185044212698221D009C0F50 /* CustomLabelAlertView.xib in Resources */ = {isa = PBXBuildFile; fileRef = 185044202698221D009C0F50 /* CustomLabelAlertView.xib */; };
		182F42AA2693667A0040456B /* IndexDetailTableViewCell.swift in Sources */ = {isa = PBXBuildFile; fileRef = 182F42A82693667A0040456B /* IndexDetailTableViewCell.swift */; };
		182F42AB2693667A0040456B /* IndexDetailTableViewCell.xib in Resources */ = {isa = PBXBuildFile; fileRef = 182F42A92693667A0040456B /* IndexDetailTableViewCell.xib */; };
		182F42AD2693695A0040456B /* IndexDetailHeaderView.swift in Sources */ = {isa = PBXBuildFile; fileRef = 182F42AC2693695A0040456B /* IndexDetailHeaderView.swift */; };
		185091552693500A00ABDE2C /* HomeIndexCollectionReusableView.swift in Sources */ = {isa = PBXBuildFile; fileRef = 185091532693500A00ABDE2C /* HomeIndexCollectionReusableView.swift */; };
		185091562693500A00ABDE2C /* HomeIndexCollectionReusableView.xib in Resources */ = {isa = PBXBuildFile; fileRef = 185091542693500A00ABDE2C /* HomeIndexCollectionReusableView.xib */; };
		18519AAD2692C0D100933B24 /* BookPageCollectionViewCell.swift in Sources */ = {isa = PBXBuildFile; fileRef = 18519AAB2692C0D100933B24 /* BookPageCollectionViewCell.swift */; };
		18519AAE2692C0D100933B24 /* BookPageCollectionViewCell.xib in Resources */ = {isa = PBXBuildFile; fileRef = 18519AAC2692C0D100933B24 /* BookPageCollectionViewCell.xib */; };
		187464322698439D00ED57DA /* CustomTextFieldAlertView.xib in Resources */ = {isa = PBXBuildFile; fileRef = 187464312698439D00ED57DA /* CustomTextFieldAlertView.xib */; };
		18746434269843B100ED57DA /* CustomTextFieldAlertView.swift in Sources */ = {isa = PBXBuildFile; fileRef = 18746433269843B100ED57DA /* CustomTextFieldAlertView.swift */; };
		187CFF802694B42C003EF8C9 /* IndexEditCollectionViewCell.swift in Sources */ = {isa = PBXBuildFile; fileRef = 187CFF7E2694B42C003EF8C9 /* IndexEditCollectionViewCell.swift */; };
		187CFF812694B42C003EF8C9 /* IndexEditCollectionViewCell.xib in Resources */ = {isa = PBXBuildFile; fileRef = 187CFF7F2694B42C003EF8C9 /* IndexEditCollectionViewCell.xib */; };
		187CFF862694B50F003EF8C9 /* IndexEditPrologueCollectionViewCell.swift in Sources */ = {isa = PBXBuildFile; fileRef = 187CFF842694B50F003EF8C9 /* IndexEditPrologueCollectionViewCell.swift */; };
		187CFF872694B50F003EF8C9 /* IndexEditPrologueCollectionViewCell.xib in Resources */ = {isa = PBXBuildFile; fileRef = 187CFF852694B50F003EF8C9 /* IndexEditPrologueCollectionViewCell.xib */; };
		185F0F752694217F008172C7 /* UIImage + Extension.swift in Sources */ = {isa = PBXBuildFile; fileRef = 185F0F742694217F008172C7 /* UIImage + Extension.swift */; };
		188AD00E26919A74008F4284 /* HomeStart.storyboard in Resources */ = {isa = PBXBuildFile; fileRef = 188AD00D26919A74008F4284 /* HomeStart.storyboard */; };
		188AD01026919A8E008F4284 /* HomeStartViewController.swift in Sources */ = {isa = PBXBuildFile; fileRef = 188AD00F26919A8E008F4284 /* HomeStartViewController.swift */; };
		18AB71922693577100FADF9B /* RainbowBestSectionHeaderView.swift in Sources */ = {isa = PBXBuildFile; fileRef = 18AB71912693577100FADF9B /* RainbowBestSectionHeaderView.swift */; };
		18AB71952693578E00FADF9B /* RainbowBestSectionFooterView.swift in Sources */ = {isa = PBXBuildFile; fileRef = 18AB71942693578E00FADF9B /* RainbowBestSectionFooterView.swift */; };
		18AB719726935BEA00FADF9B /* IndexDetail.storyboard in Resources */ = {isa = PBXBuildFile; fileRef = 18AB719626935BEA00FADF9B /* IndexDetail.storyboard */; };
		18AB719926935C4200FADF9B /* IndexDetailViewController.swift in Sources */ = {isa = PBXBuildFile; fileRef = 18AB719826935C4200FADF9B /* IndexDetailViewController.swift */; };
		18AE88AC268AE58A00EBC129 /* AppDelegate.swift in Sources */ = {isa = PBXBuildFile; fileRef = 18AE88AB268AE58A00EBC129 /* AppDelegate.swift */; };
		18AE88AE268AE58A00EBC129 /* SceneDelegate.swift in Sources */ = {isa = PBXBuildFile; fileRef = 18AE88AD268AE58A00EBC129 /* SceneDelegate.swift */; };
		18AE88B0268AE58A00EBC129 /* ViewController.swift in Sources */ = {isa = PBXBuildFile; fileRef = 18AE88AF268AE58A00EBC129 /* ViewController.swift */; };
		18AE88B3268AE58A00EBC129 /* Main.storyboard in Resources */ = {isa = PBXBuildFile; fileRef = 18AE88B1268AE58A00EBC129 /* Main.storyboard */; };
		18AE88B5268AE58C00EBC129 /* Assets.xcassets in Resources */ = {isa = PBXBuildFile; fileRef = 18AE88B4268AE58C00EBC129 /* Assets.xcassets */; };
		18AE88B8268AE58C00EBC129 /* LaunchScreen.storyboard in Resources */ = {isa = PBXBuildFile; fileRef = 18AE88B6268AE58C00EBC129 /* LaunchScreen.storyboard */; };
		18AE88C3268AE58C00EBC129 /* MascotaTests.swift in Sources */ = {isa = PBXBuildFile; fileRef = 18AE88C2268AE58C00EBC129 /* MascotaTests.swift */; };
		18AE88CE268AE58C00EBC129 /* MascotaUITests.swift in Sources */ = {isa = PBXBuildFile; fileRef = 18AE88CD268AE58C00EBC129 /* MascotaUITests.swift */; };
		18AE88E0268AE6F100EBC129 /* AppConstants.swift in Sources */ = {isa = PBXBuildFile; fileRef = 18AE88DF268AE6F100EBC129 /* AppConstants.swift */; };
		18AE88EF268AE76E00EBC129 /* appmodel.swift in Sources */ = {isa = PBXBuildFile; fileRef = 18AE88EE268AE76E00EBC129 /* appmodel.swift */; };
		18AE88F1268AE77800EBC129 /* apiservice.swift in Sources */ = {isa = PBXBuildFile; fileRef = 18AE88F0268AE77800EBC129 /* apiservice.swift */; };
		18AE88F3268AE78100EBC129 /* apimodel.swift in Sources */ = {isa = PBXBuildFile; fileRef = 18AE88F2268AE78100EBC129 /* apimodel.swift */; };
		18CE0B612692D1C700C8C1E1 /* HomeIndexCollectionViewCell.swift in Sources */ = {isa = PBXBuildFile; fileRef = 18CE0B5F2692D1C700C8C1E1 /* HomeIndexCollectionViewCell.swift */; };
		18CE0B622692D1C700C8C1E1 /* HomeIndexCollectionViewCell.xib in Resources */ = {isa = PBXBuildFile; fileRef = 18CE0B602692D1C700C8C1E1 /* HomeIndexCollectionViewCell.xib */; };
		18DF89742692DF9900A9CB2F /* MascotaPeopleImageCell.swift in Sources */ = {isa = PBXBuildFile; fileRef = 18DF89722692DF9900A9CB2F /* MascotaPeopleImageCell.swift */; };
		18DF89752692DF9900A9CB2F /* MascotaPeopleImageCell.xib in Resources */ = {isa = PBXBuildFile; fileRef = 18DF89732692DF9900A9CB2F /* MascotaPeopleImageCell.xib */; };
		18E5B41D26943B9E001927DD /* IndexEdit.storyboard in Resources */ = {isa = PBXBuildFile; fileRef = 18E5B41C26943B9E001927DD /* IndexEdit.storyboard */; };
		18E5B41F26943BB1001927DD /* IndexEditViewController.swift in Sources */ = {isa = PBXBuildFile; fileRef = 18E5B41E26943BB1001927DD /* IndexEditViewController.swift */; };
		2EE6649AA9D11B528378830D /* Pods_Mascota_MascotaUITests.framework in Frameworks */ = {isa = PBXBuildFile; fileRef = A7E4A10D146C5792CF4DDAC4 /* Pods_Mascota_MascotaUITests.framework */; };
		45449CEEABAB563ED3ABF5FA /* Pods_Mascota.framework in Frameworks */ = {isa = PBXBuildFile; fileRef = F6500F7D598A5EEEC5E6B743 /* Pods_Mascota.framework */; };
		4809D066268E1BAD0060F5EB /* Login.storyboard in Resources */ = {isa = PBXBuildFile; fileRef = 4809D065268E1BAD0060F5EB /* Login.storyboard */; };
		4809D068268E304C0060F5EB /* LoginViewController.swift in Sources */ = {isa = PBXBuildFile; fileRef = 4809D067268E304C0060F5EB /* LoginViewController.swift */; };
		483DA2502690D1CD005DBA86 /* SignUp.storyboard in Resources */ = {isa = PBXBuildFile; fileRef = 483DA24F2690D1CD005DBA86 /* SignUp.storyboard */; };
		483DA2522690DAA8005DBA86 /* SignUpViewController.swift in Sources */ = {isa = PBXBuildFile; fileRef = 483DA2512690DAA8005DBA86 /* SignUpViewController.swift */; };
		4888036826919BA3000CB8F2 /* RegisterMyPet.storyboard in Resources */ = {isa = PBXBuildFile; fileRef = 4888036726919BA3000CB8F2 /* RegisterMyPet.storyboard */; };
		4888036A26919BDF000CB8F2 /* RegisterMyPetViewController.swift in Sources */ = {isa = PBXBuildFile; fileRef = 4888036926919BDF000CB8F2 /* RegisterMyPetViewController.swift */; };
		488803712692132C000CB8F2 /* RegisterMyPetCollectionViewCell.swift in Sources */ = {isa = PBXBuildFile; fileRef = 4888036F2692132C000CB8F2 /* RegisterMyPetCollectionViewCell.swift */; };
		488803722692132C000CB8F2 /* RegisterMyPetCollectionViewCell.xib in Resources */ = {isa = PBXBuildFile; fileRef = 488803702692132C000CB8F2 /* RegisterMyPetCollectionViewCell.xib */; };
		48880377269220D9000CB8F2 /* MakePlusCollectionViewCell.swift in Sources */ = {isa = PBXBuildFile; fileRef = 48880375269220D9000CB8F2 /* MakePlusCollectionViewCell.swift */; };
		48880378269220D9000CB8F2 /* MakePlusCollectionViewCell.xib in Resources */ = {isa = PBXBuildFile; fileRef = 48880376269220D9000CB8F2 /* MakePlusCollectionViewCell.xib */; };
		48AC0BA826980B9B0012E3D3 /* RegisterMyPetAPIModel.swift in Sources */ = {isa = PBXBuildFile; fileRef = 48AC0BA726980B9B0012E3D3 /* RegisterMyPetAPIModel.swift */; };
		96D17F1B29FC3C1D0286D495 /* Pods_MascotaTests.framework in Frameworks */ = {isa = PBXBuildFile; fileRef = B4802D1E276727F8708ACF18 /* Pods_MascotaTests.framework */; };
		DD01C7FA268DAAD80013D5FF /* BookWriteView.swift in Sources */ = {isa = PBXBuildFile; fileRef = DD01C7F9268DAAD80013D5FF /* BookWriteView.swift */; };
		DD02622526972EC400C003DC /* UINavigationItem+Extension.swift in Sources */ = {isa = PBXBuildFile; fileRef = DD02622426972EC400C003DC /* UINavigationItem+Extension.swift */; };
		DD11DB412693219D001D3CE7 /* UINavigationController+Extension.swift in Sources */ = {isa = PBXBuildFile; fileRef = DD11DB402693219D001D3CE7 /* UINavigationController+Extension.swift */; };
		DD6C9B1426908D53004223ED /* UIViewController+Extension.swift in Sources */ = {isa = PBXBuildFile; fileRef = DD6C9B1326908D53004223ED /* UIViewController+Extension.swift */; };
		DD6C9B1C2690A769004223ED /* CircleProfileButton.swift in Sources */ = {isa = PBXBuildFile; fileRef = DD6C9B1B2690A769004223ED /* CircleProfileButton.swift */; };
		DD6C9B1E2690AD12004223ED /* BookType.swift in Sources */ = {isa = PBXBuildFile; fileRef = DD6C9B1D2690AD12004223ED /* BookType.swift */; };
		DD7112A5268C84BB00E6E2DC /* UIView+Extension.swift in Sources */ = {isa = PBXBuildFile; fileRef = DD7112A4268C84BB00E6E2DC /* UIView+Extension.swift */; };
		DD7112A7268C8F8500E6E2DC /* BookContentView.swift in Sources */ = {isa = PBXBuildFile; fileRef = DD7112A6268C8F8500E6E2DC /* BookContentView.swift */; };
		DD8140A126929B110072C1BD /* RainbowHelpHeaderTableViewCell.swift in Sources */ = {isa = PBXBuildFile; fileRef = DD8140A026929B110072C1BD /* RainbowHelpHeaderTableViewCell.swift */; };
		DD878EA22691681900856EE2 /* String+Extension.swift in Sources */ = {isa = PBXBuildFile; fileRef = DD878EA12691681900856EE2 /* String+Extension.swift */; };
		DD886DE026918ABC0011F8F6 /* NotoSansCJKkr-Medium.otf in Resources */ = {isa = PBXBuildFile; fileRef = DD886DDD26918ABB0011F8F6 /* NotoSansCJKkr-Medium.otf */; };
		DD886DE126918ABC0011F8F6 /* NotoSansCJKkr-Regular.otf in Resources */ = {isa = PBXBuildFile; fileRef = DD886DDE26918ABB0011F8F6 /* NotoSansCJKkr-Regular.otf */; };
		DD886DE226918ABC0011F8F6 /* NotoSansCJKkr-Bold.otf in Resources */ = {isa = PBXBuildFile; fileRef = DD886DDF26918ABB0011F8F6 /* NotoSansCJKkr-Bold.otf */; };
		DD886DE426918AF60011F8F6 /* UIFont+Extension.swift in Sources */ = {isa = PBXBuildFile; fileRef = DD886DE326918AF60011F8F6 /* UIFont+Extension.swift */; };
		DD886DE6269191CF0011F8F6 /* MainNavigationBarView.swift in Sources */ = {isa = PBXBuildFile; fileRef = DD886DE5269191CF0011F8F6 /* MainNavigationBarView.swift */; };
		DD8DE34E269412D6000F03C3 /* UIDevice+Extension.swift in Sources */ = {isa = PBXBuildFile; fileRef = DD8DE34D269412D6000F03C3 /* UIDevice+Extension.swift */; };
		DD8DE350269419A4000F03C3 /* RainbowEpillogueViewController.swift in Sources */ = {isa = PBXBuildFile; fileRef = DD8DE34F269419A4000F03C3 /* RainbowEpillogueViewController.swift */; };
		DD8DE35226941C49000F03C3 /* UIStackView+Extension.swift in Sources */ = {isa = PBXBuildFile; fileRef = DD8DE35126941C49000F03C3 /* UIStackView+Extension.swift */; };
		DD8DE354269426E1000F03C3 /* UITextField+Extension.swift in Sources */ = {isa = PBXBuildFile; fileRef = DD8DE353269426E1000F03C3 /* UITextField+Extension.swift */; };
		DD8DE35626943EA3000F03C3 /* UITextView+Extension.swift in Sources */ = {isa = PBXBuildFile; fileRef = DD8DE35526943EA3000F03C3 /* UITextView+Extension.swift */; };
		DD8DE35C26945242000F03C3 /* UIButton+Extension.swift in Sources */ = {isa = PBXBuildFile; fileRef = DD8DE35B26945242000F03C3 /* UIButton+Extension.swift */; };
		DD8E5D8E268C302100D698F2 /* UIColor+Extension.swift in Sources */ = {isa = PBXBuildFile; fileRef = DD8E5D8D268C302100D698F2 /* UIColor+Extension.swift */; };
		DD92BCAC268C52CD00A95A75 /* Colors.xcassets in Resources */ = {isa = PBXBuildFile; fileRef = DD92BCAB268C52CD00A95A75 /* Colors.xcassets */; };
		DD92BCAE268C576B00A95A75 /* BookPageView.swift in Sources */ = {isa = PBXBuildFile; fileRef = DD92BCAD268C576B00A95A75 /* BookPageView.swift */; };
		DD92BCB0268C604200A95A75 /* Constants.swift in Sources */ = {isa = PBXBuildFile; fileRef = DD92BCAF268C604200A95A75 /* Constants.swift */; };
		DD931B2D268DE9C7001DA072 /* UILabel+Extension.swift in Sources */ = {isa = PBXBuildFile; fileRef = DD931B2C268DE9C7001DA072 /* UILabel+Extension.swift */; };
		DD931B2F268E0B5A001DA072 /* RainbowViewController.swift in Sources */ = {isa = PBXBuildFile; fileRef = DD931B2E268E0B5A001DA072 /* RainbowViewController.swift */; };
		DD95C99B268EBD7E002B35A1 /* BookRainbowPageView.swift in Sources */ = {isa = PBXBuildFile; fileRef = DD95C99A268EBD7E002B35A1 /* BookRainbowPageView.swift */; };
		DD95C99D268EC16C002B35A1 /* PageTextModel.swift in Sources */ = {isa = PBXBuildFile; fileRef = DD95C99C268EC16C002B35A1 /* PageTextModel.swift */; };
		DD95C99F268EC801002B35A1 /* BookHomePageView.swift in Sources */ = {isa = PBXBuildFile; fileRef = DD95C99E268EC801002B35A1 /* BookHomePageView.swift */; };
		DDAD356B26920D8C005559BE /* RainbowBookPageTableViewCell.swift in Sources */ = {isa = PBXBuildFile; fileRef = DDAD356A26920D8C005559BE /* RainbowBookPageTableViewCell.swift */; };
		DDC360D92692AC76003EF8D7 /* RainbowHelpCardTableViewCell.swift in Sources */ = {isa = PBXBuildFile; fileRef = DDC360D82692AC76003EF8D7 /* RainbowHelpCardTableViewCell.swift */; };
		DDC360DB2692DAC9003EF8D7 /* MacoButton.swift in Sources */ = {isa = PBXBuildFile; fileRef = DDC360DA2692DAC9003EF8D7 /* MacoButton.swift */; };
		DDC360DE2692DE9C003EF8D7 /* RainbowButtonTableViewCell.swift in Sources */ = {isa = PBXBuildFile; fileRef = DDC360DD2692DE9C003EF8D7 /* RainbowButtonTableViewCell.swift */; };
		DDC360E026930722003EF8D7 /* RainbowNavigationBarView.swift in Sources */ = {isa = PBXBuildFile; fileRef = DDC360DF26930722003EF8D7 /* RainbowNavigationBarView.swift */; };
		DDC360E22693167A003EF8D7 /* RainbowBestViewController.swift in Sources */ = {isa = PBXBuildFile; fileRef = DDC360E12693167A003EF8D7 /* RainbowBestViewController.swift */; };
		DDDCA7AD26935ACD00DB1B8F /* RainbowCommentViewController.swift in Sources */ = {isa = PBXBuildFile; fileRef = DDDCA7AC26935ACD00DB1B8F /* RainbowCommentViewController.swift */; };
		DDDCA7AF2693644500DB1B8F /* RainbowBookCoverViewController.swift in Sources */ = {isa = PBXBuildFile; fileRef = DDDCA7AE2693644500DB1B8F /* RainbowBookCoverViewController.swift */; };
		DDDCA7B1269366E800DB1B8F /* BookCoverView.swift in Sources */ = {isa = PBXBuildFile; fileRef = DDDCA7B0269366E800DB1B8F /* BookCoverView.swift */; };
/* End PBXBuildFile section */

/* Begin PBXContainerItemProxy section */
		18AE88BF268AE58C00EBC129 /* PBXContainerItemProxy */ = {
			isa = PBXContainerItemProxy;
			containerPortal = 18AE88A0268AE58A00EBC129 /* Project object */;
			proxyType = 1;
			remoteGlobalIDString = 18AE88A7268AE58A00EBC129;
			remoteInfo = Mascota;
		};
		18AE88CA268AE58C00EBC129 /* PBXContainerItemProxy */ = {
			isa = PBXContainerItemProxy;
			containerPortal = 18AE88A0268AE58A00EBC129 /* Project object */;
			proxyType = 1;
			remoteGlobalIDString = 18AE88A7268AE58A00EBC129;
			remoteInfo = Mascota;
		};
/* End PBXContainerItemProxy section */

/* Begin PBXFileReference section */
		182C1D6826934518006C6511 /* PartCollectionViewCell.swift */ = {isa = PBXFileReference; lastKnownFileType = sourcecode.swift; path = PartCollectionViewCell.swift; sourceTree = "<group>"; };
		182C1D6926934518006C6511 /* PartCollectionViewCell.xib */ = {isa = PBXFileReference; lastKnownFileType = file.xib; path = PartCollectionViewCell.xib; sourceTree = "<group>"; };
		1850441E26982212009C0F50 /* CustomLabelAlertView.swift */ = {isa = PBXFileReference; lastKnownFileType = sourcecode.swift; path = CustomLabelAlertView.swift; sourceTree = "<group>"; };
		185044202698221D009C0F50 /* CustomLabelAlertView.xib */ = {isa = PBXFileReference; lastKnownFileType = file.xib; path = CustomLabelAlertView.xib; sourceTree = "<group>"; };
		182F42A82693667A0040456B /* IndexDetailTableViewCell.swift */ = {isa = PBXFileReference; lastKnownFileType = sourcecode.swift; path = IndexDetailTableViewCell.swift; sourceTree = "<group>"; };
		182F42A92693667A0040456B /* IndexDetailTableViewCell.xib */ = {isa = PBXFileReference; lastKnownFileType = file.xib; path = IndexDetailTableViewCell.xib; sourceTree = "<group>"; };
		182F42AC2693695A0040456B /* IndexDetailHeaderView.swift */ = {isa = PBXFileReference; lastKnownFileType = sourcecode.swift; path = IndexDetailHeaderView.swift; sourceTree = "<group>"; };
		185091532693500A00ABDE2C /* HomeIndexCollectionReusableView.swift */ = {isa = PBXFileReference; fileEncoding = 4; lastKnownFileType = sourcecode.swift; path = HomeIndexCollectionReusableView.swift; sourceTree = "<group>"; };
		185091542693500A00ABDE2C /* HomeIndexCollectionReusableView.xib */ = {isa = PBXFileReference; fileEncoding = 4; lastKnownFileType = file.xib; path = HomeIndexCollectionReusableView.xib; sourceTree = "<group>"; };
		18519AAB2692C0D100933B24 /* BookPageCollectionViewCell.swift */ = {isa = PBXFileReference; lastKnownFileType = sourcecode.swift; path = BookPageCollectionViewCell.swift; sourceTree = "<group>"; };
		18519AAC2692C0D100933B24 /* BookPageCollectionViewCell.xib */ = {isa = PBXFileReference; lastKnownFileType = file.xib; path = BookPageCollectionViewCell.xib; sourceTree = "<group>"; };
		187464312698439D00ED57DA /* CustomTextFieldAlertView.xib */ = {isa = PBXFileReference; lastKnownFileType = file.xib; path = CustomTextFieldAlertView.xib; sourceTree = "<group>"; };
		18746433269843B100ED57DA /* CustomTextFieldAlertView.swift */ = {isa = PBXFileReference; lastKnownFileType = sourcecode.swift; path = CustomTextFieldAlertView.swift; sourceTree = "<group>"; };
		187CFF7E2694B42C003EF8C9 /* IndexEditCollectionViewCell.swift */ = {isa = PBXFileReference; lastKnownFileType = sourcecode.swift; path = IndexEditCollectionViewCell.swift; sourceTree = "<group>"; };
		187CFF7F2694B42C003EF8C9 /* IndexEditCollectionViewCell.xib */ = {isa = PBXFileReference; lastKnownFileType = file.xib; path = IndexEditCollectionViewCell.xib; sourceTree = "<group>"; };
		187CFF842694B50F003EF8C9 /* IndexEditPrologueCollectionViewCell.swift */ = {isa = PBXFileReference; lastKnownFileType = sourcecode.swift; path = IndexEditPrologueCollectionViewCell.swift; sourceTree = "<group>"; };
		187CFF852694B50F003EF8C9 /* IndexEditPrologueCollectionViewCell.xib */ = {isa = PBXFileReference; lastKnownFileType = file.xib; path = IndexEditPrologueCollectionViewCell.xib; sourceTree = "<group>"; };
		185F0F742694217F008172C7 /* UIImage + Extension.swift */ = {isa = PBXFileReference; lastKnownFileType = sourcecode.swift; path = "UIImage + Extension.swift"; sourceTree = "<group>"; };
		188AD00D26919A74008F4284 /* HomeStart.storyboard */ = {isa = PBXFileReference; lastKnownFileType = file.storyboard; path = HomeStart.storyboard; sourceTree = "<group>"; };
		188AD00F26919A8E008F4284 /* HomeStartViewController.swift */ = {isa = PBXFileReference; lastKnownFileType = sourcecode.swift; path = HomeStartViewController.swift; sourceTree = "<group>"; };
		18AB71912693577100FADF9B /* RainbowBestSectionHeaderView.swift */ = {isa = PBXFileReference; fileEncoding = 4; lastKnownFileType = sourcecode.swift; path = RainbowBestSectionHeaderView.swift; sourceTree = "<group>"; };
		18AB71942693578E00FADF9B /* RainbowBestSectionFooterView.swift */ = {isa = PBXFileReference; fileEncoding = 4; lastKnownFileType = sourcecode.swift; path = RainbowBestSectionFooterView.swift; sourceTree = "<group>"; };
		18AB719626935BEA00FADF9B /* IndexDetail.storyboard */ = {isa = PBXFileReference; lastKnownFileType = file.storyboard; path = IndexDetail.storyboard; sourceTree = "<group>"; };
		18AB719826935C4200FADF9B /* IndexDetailViewController.swift */ = {isa = PBXFileReference; lastKnownFileType = sourcecode.swift; path = IndexDetailViewController.swift; sourceTree = "<group>"; };
		18AE88A8268AE58A00EBC129 /* Mascota.app */ = {isa = PBXFileReference; explicitFileType = wrapper.application; includeInIndex = 0; path = Mascota.app; sourceTree = BUILT_PRODUCTS_DIR; };
		18AE88AB268AE58A00EBC129 /* AppDelegate.swift */ = {isa = PBXFileReference; lastKnownFileType = sourcecode.swift; path = AppDelegate.swift; sourceTree = "<group>"; };
		18AE88AD268AE58A00EBC129 /* SceneDelegate.swift */ = {isa = PBXFileReference; lastKnownFileType = sourcecode.swift; path = SceneDelegate.swift; sourceTree = "<group>"; };
		18AE88AF268AE58A00EBC129 /* ViewController.swift */ = {isa = PBXFileReference; lastKnownFileType = sourcecode.swift; path = ViewController.swift; sourceTree = "<group>"; };
		18AE88B2268AE58A00EBC129 /* Base */ = {isa = PBXFileReference; lastKnownFileType = file.storyboard; name = Base; path = Base.lproj/Main.storyboard; sourceTree = "<group>"; };
		18AE88B4268AE58C00EBC129 /* Assets.xcassets */ = {isa = PBXFileReference; lastKnownFileType = folder.assetcatalog; path = Assets.xcassets; sourceTree = "<group>"; };
		18AE88B7268AE58C00EBC129 /* Base */ = {isa = PBXFileReference; lastKnownFileType = file.storyboard; name = Base; path = Base.lproj/LaunchScreen.storyboard; sourceTree = "<group>"; };
		18AE88B9268AE58C00EBC129 /* Info.plist */ = {isa = PBXFileReference; lastKnownFileType = text.plist.xml; path = Info.plist; sourceTree = "<group>"; };
		18AE88BE268AE58C00EBC129 /* MascotaTests.xctest */ = {isa = PBXFileReference; explicitFileType = wrapper.cfbundle; includeInIndex = 0; path = MascotaTests.xctest; sourceTree = BUILT_PRODUCTS_DIR; };
		18AE88C2268AE58C00EBC129 /* MascotaTests.swift */ = {isa = PBXFileReference; lastKnownFileType = sourcecode.swift; path = MascotaTests.swift; sourceTree = "<group>"; };
		18AE88C4268AE58C00EBC129 /* Info.plist */ = {isa = PBXFileReference; lastKnownFileType = text.plist.xml; path = Info.plist; sourceTree = "<group>"; };
		18AE88C9268AE58C00EBC129 /* MascotaUITests.xctest */ = {isa = PBXFileReference; explicitFileType = wrapper.cfbundle; includeInIndex = 0; path = MascotaUITests.xctest; sourceTree = BUILT_PRODUCTS_DIR; };
		18AE88CD268AE58C00EBC129 /* MascotaUITests.swift */ = {isa = PBXFileReference; lastKnownFileType = sourcecode.swift; path = MascotaUITests.swift; sourceTree = "<group>"; };
		18AE88CF268AE58C00EBC129 /* Info.plist */ = {isa = PBXFileReference; lastKnownFileType = text.plist.xml; path = Info.plist; sourceTree = "<group>"; };
		18AE88DF268AE6F100EBC129 /* AppConstants.swift */ = {isa = PBXFileReference; lastKnownFileType = sourcecode.swift; path = AppConstants.swift; sourceTree = "<group>"; };
		18AE88EE268AE76E00EBC129 /* appmodel.swift */ = {isa = PBXFileReference; lastKnownFileType = sourcecode.swift; path = appmodel.swift; sourceTree = "<group>"; };
		18AE88F0268AE77800EBC129 /* apiservice.swift */ = {isa = PBXFileReference; lastKnownFileType = sourcecode.swift; path = apiservice.swift; sourceTree = "<group>"; };
		18AE88F2268AE78100EBC129 /* apimodel.swift */ = {isa = PBXFileReference; lastKnownFileType = sourcecode.swift; path = apimodel.swift; sourceTree = "<group>"; };
		18CE0B5F2692D1C700C8C1E1 /* HomeIndexCollectionViewCell.swift */ = {isa = PBXFileReference; lastKnownFileType = sourcecode.swift; path = HomeIndexCollectionViewCell.swift; sourceTree = "<group>"; };
		18CE0B602692D1C700C8C1E1 /* HomeIndexCollectionViewCell.xib */ = {isa = PBXFileReference; lastKnownFileType = file.xib; path = HomeIndexCollectionViewCell.xib; sourceTree = "<group>"; };
		18DF89722692DF9900A9CB2F /* MascotaPeopleImageCell.swift */ = {isa = PBXFileReference; lastKnownFileType = sourcecode.swift; path = MascotaPeopleImageCell.swift; sourceTree = "<group>"; };
		18DF89732692DF9900A9CB2F /* MascotaPeopleImageCell.xib */ = {isa = PBXFileReference; lastKnownFileType = file.xib; path = MascotaPeopleImageCell.xib; sourceTree = "<group>"; };
		18E5B41C26943B9E001927DD /* IndexEdit.storyboard */ = {isa = PBXFileReference; lastKnownFileType = file.storyboard; path = IndexEdit.storyboard; sourceTree = "<group>"; };
		18E5B41E26943BB1001927DD /* IndexEditViewController.swift */ = {isa = PBXFileReference; lastKnownFileType = sourcecode.swift; path = IndexEditViewController.swift; sourceTree = "<group>"; };
		1AEAF6A99A34E44C31FF0642 /* Pods-Mascota.debug.xcconfig */ = {isa = PBXFileReference; includeInIndex = 1; lastKnownFileType = text.xcconfig; name = "Pods-Mascota.debug.xcconfig"; path = "Target Support Files/Pods-Mascota/Pods-Mascota.debug.xcconfig"; sourceTree = "<group>"; };
		35A74EECCFA306560984A74C /* Pods-Mascota-MascotaUITests.release.xcconfig */ = {isa = PBXFileReference; includeInIndex = 1; lastKnownFileType = text.xcconfig; name = "Pods-Mascota-MascotaUITests.release.xcconfig"; path = "Target Support Files/Pods-Mascota-MascotaUITests/Pods-Mascota-MascotaUITests.release.xcconfig"; sourceTree = "<group>"; };
		3B0CC893524A4E57FC0ED422 /* Pods-Mascota.release.xcconfig */ = {isa = PBXFileReference; includeInIndex = 1; lastKnownFileType = text.xcconfig; name = "Pods-Mascota.release.xcconfig"; path = "Target Support Files/Pods-Mascota/Pods-Mascota.release.xcconfig"; sourceTree = "<group>"; };
		4809D065268E1BAD0060F5EB /* Login.storyboard */ = {isa = PBXFileReference; lastKnownFileType = file.storyboard; path = Login.storyboard; sourceTree = "<group>"; };
		4809D067268E304C0060F5EB /* LoginViewController.swift */ = {isa = PBXFileReference; lastKnownFileType = sourcecode.swift; path = LoginViewController.swift; sourceTree = "<group>"; };
		483DA24F2690D1CD005DBA86 /* SignUp.storyboard */ = {isa = PBXFileReference; lastKnownFileType = file.storyboard; path = SignUp.storyboard; sourceTree = "<group>"; };
		483DA2512690DAA8005DBA86 /* SignUpViewController.swift */ = {isa = PBXFileReference; lastKnownFileType = sourcecode.swift; path = SignUpViewController.swift; sourceTree = "<group>"; };
		4888036726919BA3000CB8F2 /* RegisterMyPet.storyboard */ = {isa = PBXFileReference; lastKnownFileType = file.storyboard; path = RegisterMyPet.storyboard; sourceTree = "<group>"; };
		4888036926919BDF000CB8F2 /* RegisterMyPetViewController.swift */ = {isa = PBXFileReference; lastKnownFileType = sourcecode.swift; path = RegisterMyPetViewController.swift; sourceTree = "<group>"; };
		4888036F2692132C000CB8F2 /* RegisterMyPetCollectionViewCell.swift */ = {isa = PBXFileReference; lastKnownFileType = sourcecode.swift; path = RegisterMyPetCollectionViewCell.swift; sourceTree = "<group>"; };
		488803702692132C000CB8F2 /* RegisterMyPetCollectionViewCell.xib */ = {isa = PBXFileReference; lastKnownFileType = file.xib; path = RegisterMyPetCollectionViewCell.xib; sourceTree = "<group>"; };
		48880375269220D9000CB8F2 /* MakePlusCollectionViewCell.swift */ = {isa = PBXFileReference; lastKnownFileType = sourcecode.swift; path = MakePlusCollectionViewCell.swift; sourceTree = "<group>"; };
		48880376269220D9000CB8F2 /* MakePlusCollectionViewCell.xib */ = {isa = PBXFileReference; lastKnownFileType = file.xib; path = MakePlusCollectionViewCell.xib; sourceTree = "<group>"; };
		48AC0BA726980B9B0012E3D3 /* RegisterMyPetAPIModel.swift */ = {isa = PBXFileReference; lastKnownFileType = sourcecode.swift; path = RegisterMyPetAPIModel.swift; sourceTree = "<group>"; };
		7DFC7CA3450EF7F1A28DD8AC /* Pods-MascotaTests.release.xcconfig */ = {isa = PBXFileReference; includeInIndex = 1; lastKnownFileType = text.xcconfig; name = "Pods-MascotaTests.release.xcconfig"; path = "Target Support Files/Pods-MascotaTests/Pods-MascotaTests.release.xcconfig"; sourceTree = "<group>"; };
		A7E4A10D146C5792CF4DDAC4 /* Pods_Mascota_MascotaUITests.framework */ = {isa = PBXFileReference; explicitFileType = wrapper.framework; includeInIndex = 0; path = Pods_Mascota_MascotaUITests.framework; sourceTree = BUILT_PRODUCTS_DIR; };
		A9015002800FC5BDCDC18857 /* Pods-Mascota-MascotaUITests.debug.xcconfig */ = {isa = PBXFileReference; includeInIndex = 1; lastKnownFileType = text.xcconfig; name = "Pods-Mascota-MascotaUITests.debug.xcconfig"; path = "Target Support Files/Pods-Mascota-MascotaUITests/Pods-Mascota-MascotaUITests.debug.xcconfig"; sourceTree = "<group>"; };
		B4802D1E276727F8708ACF18 /* Pods_MascotaTests.framework */ = {isa = PBXFileReference; explicitFileType = wrapper.framework; includeInIndex = 0; path = Pods_MascotaTests.framework; sourceTree = BUILT_PRODUCTS_DIR; };
		D5AB90B6090251464E4BE991 /* Pods-MascotaTests.debug.xcconfig */ = {isa = PBXFileReference; includeInIndex = 1; lastKnownFileType = text.xcconfig; name = "Pods-MascotaTests.debug.xcconfig"; path = "Target Support Files/Pods-MascotaTests/Pods-MascotaTests.debug.xcconfig"; sourceTree = "<group>"; };
		DD01C7F9268DAAD80013D5FF /* BookWriteView.swift */ = {isa = PBXFileReference; lastKnownFileType = sourcecode.swift; path = BookWriteView.swift; sourceTree = "<group>"; };
		DD02622426972EC400C003DC /* UINavigationItem+Extension.swift */ = {isa = PBXFileReference; lastKnownFileType = sourcecode.swift; path = "UINavigationItem+Extension.swift"; sourceTree = "<group>"; };
		DD11DB402693219D001D3CE7 /* UINavigationController+Extension.swift */ = {isa = PBXFileReference; lastKnownFileType = sourcecode.swift; path = "UINavigationController+Extension.swift"; sourceTree = "<group>"; };
		DD6C9B1326908D53004223ED /* UIViewController+Extension.swift */ = {isa = PBXFileReference; lastKnownFileType = sourcecode.swift; path = "UIViewController+Extension.swift"; sourceTree = "<group>"; };
		DD6C9B1B2690A769004223ED /* CircleProfileButton.swift */ = {isa = PBXFileReference; lastKnownFileType = sourcecode.swift; path = CircleProfileButton.swift; sourceTree = "<group>"; };
		DD6C9B1D2690AD12004223ED /* BookType.swift */ = {isa = PBXFileReference; lastKnownFileType = sourcecode.swift; path = BookType.swift; sourceTree = "<group>"; };
		DD7112A4268C84BB00E6E2DC /* UIView+Extension.swift */ = {isa = PBXFileReference; lastKnownFileType = sourcecode.swift; path = "UIView+Extension.swift"; sourceTree = "<group>"; };
		DD7112A6268C8F8500E6E2DC /* BookContentView.swift */ = {isa = PBXFileReference; lastKnownFileType = sourcecode.swift; path = BookContentView.swift; sourceTree = "<group>"; };
		DD8140A026929B110072C1BD /* RainbowHelpHeaderTableViewCell.swift */ = {isa = PBXFileReference; lastKnownFileType = sourcecode.swift; path = RainbowHelpHeaderTableViewCell.swift; sourceTree = "<group>"; };
		DD878EA12691681900856EE2 /* String+Extension.swift */ = {isa = PBXFileReference; lastKnownFileType = sourcecode.swift; path = "String+Extension.swift"; sourceTree = "<group>"; };
		DD886DDD26918ABB0011F8F6 /* NotoSansCJKkr-Medium.otf */ = {isa = PBXFileReference; lastKnownFileType = file; path = "NotoSansCJKkr-Medium.otf"; sourceTree = "<group>"; };
		DD886DDE26918ABB0011F8F6 /* NotoSansCJKkr-Regular.otf */ = {isa = PBXFileReference; lastKnownFileType = file; path = "NotoSansCJKkr-Regular.otf"; sourceTree = "<group>"; };
		DD886DDF26918ABB0011F8F6 /* NotoSansCJKkr-Bold.otf */ = {isa = PBXFileReference; lastKnownFileType = file; path = "NotoSansCJKkr-Bold.otf"; sourceTree = "<group>"; };
		DD886DE326918AF60011F8F6 /* UIFont+Extension.swift */ = {isa = PBXFileReference; lastKnownFileType = sourcecode.swift; path = "UIFont+Extension.swift"; sourceTree = "<group>"; };
		DD886DE5269191CF0011F8F6 /* MainNavigationBarView.swift */ = {isa = PBXFileReference; lastKnownFileType = sourcecode.swift; path = MainNavigationBarView.swift; sourceTree = "<group>"; };
		DD8DE34D269412D6000F03C3 /* UIDevice+Extension.swift */ = {isa = PBXFileReference; lastKnownFileType = sourcecode.swift; path = "UIDevice+Extension.swift"; sourceTree = "<group>"; };
		DD8DE34F269419A4000F03C3 /* RainbowEpillogueViewController.swift */ = {isa = PBXFileReference; lastKnownFileType = sourcecode.swift; path = RainbowEpillogueViewController.swift; sourceTree = "<group>"; };
		DD8DE35126941C49000F03C3 /* UIStackView+Extension.swift */ = {isa = PBXFileReference; lastKnownFileType = sourcecode.swift; path = "UIStackView+Extension.swift"; sourceTree = "<group>"; };
		DD8DE353269426E1000F03C3 /* UITextField+Extension.swift */ = {isa = PBXFileReference; lastKnownFileType = sourcecode.swift; path = "UITextField+Extension.swift"; sourceTree = "<group>"; };
		DD8DE35526943EA3000F03C3 /* UITextView+Extension.swift */ = {isa = PBXFileReference; lastKnownFileType = sourcecode.swift; path = "UITextView+Extension.swift"; sourceTree = "<group>"; };
		DD8DE35B26945242000F03C3 /* UIButton+Extension.swift */ = {isa = PBXFileReference; lastKnownFileType = sourcecode.swift; path = "UIButton+Extension.swift"; sourceTree = "<group>"; };
		DD8E5D8D268C302100D698F2 /* UIColor+Extension.swift */ = {isa = PBXFileReference; lastKnownFileType = sourcecode.swift; path = "UIColor+Extension.swift"; sourceTree = "<group>"; };
		DD92BCAB268C52CD00A95A75 /* Colors.xcassets */ = {isa = PBXFileReference; lastKnownFileType = folder.assetcatalog; path = Colors.xcassets; sourceTree = "<group>"; };
		DD92BCAD268C576B00A95A75 /* BookPageView.swift */ = {isa = PBXFileReference; lastKnownFileType = sourcecode.swift; path = BookPageView.swift; sourceTree = "<group>"; };
		DD92BCAF268C604200A95A75 /* Constants.swift */ = {isa = PBXFileReference; lastKnownFileType = sourcecode.swift; path = Constants.swift; sourceTree = "<group>"; };
		DD931B2C268DE9C7001DA072 /* UILabel+Extension.swift */ = {isa = PBXFileReference; lastKnownFileType = sourcecode.swift; path = "UILabel+Extension.swift"; sourceTree = "<group>"; };
		DD931B2E268E0B5A001DA072 /* RainbowViewController.swift */ = {isa = PBXFileReference; lastKnownFileType = sourcecode.swift; path = RainbowViewController.swift; sourceTree = "<group>"; };
		DD95C99A268EBD7E002B35A1 /* BookRainbowPageView.swift */ = {isa = PBXFileReference; lastKnownFileType = sourcecode.swift; path = BookRainbowPageView.swift; sourceTree = "<group>"; };
		DD95C99C268EC16C002B35A1 /* PageTextModel.swift */ = {isa = PBXFileReference; lastKnownFileType = sourcecode.swift; path = PageTextModel.swift; sourceTree = "<group>"; };
		DD95C99E268EC801002B35A1 /* BookHomePageView.swift */ = {isa = PBXFileReference; lastKnownFileType = sourcecode.swift; path = BookHomePageView.swift; sourceTree = "<group>"; };
		DDAD356A26920D8C005559BE /* RainbowBookPageTableViewCell.swift */ = {isa = PBXFileReference; lastKnownFileType = sourcecode.swift; path = RainbowBookPageTableViewCell.swift; sourceTree = "<group>"; };
		DDC360D82692AC76003EF8D7 /* RainbowHelpCardTableViewCell.swift */ = {isa = PBXFileReference; lastKnownFileType = sourcecode.swift; path = RainbowHelpCardTableViewCell.swift; sourceTree = "<group>"; };
		DDC360DA2692DAC9003EF8D7 /* MacoButton.swift */ = {isa = PBXFileReference; lastKnownFileType = sourcecode.swift; path = MacoButton.swift; sourceTree = "<group>"; };
		DDC360DD2692DE9C003EF8D7 /* RainbowButtonTableViewCell.swift */ = {isa = PBXFileReference; lastKnownFileType = sourcecode.swift; path = RainbowButtonTableViewCell.swift; sourceTree = "<group>"; };
		DDC360DF26930722003EF8D7 /* RainbowNavigationBarView.swift */ = {isa = PBXFileReference; lastKnownFileType = sourcecode.swift; path = RainbowNavigationBarView.swift; sourceTree = "<group>"; };
		DDC360E12693167A003EF8D7 /* RainbowBestViewController.swift */ = {isa = PBXFileReference; lastKnownFileType = sourcecode.swift; path = RainbowBestViewController.swift; sourceTree = "<group>"; };
		DDDCA7AC26935ACD00DB1B8F /* RainbowCommentViewController.swift */ = {isa = PBXFileReference; lastKnownFileType = sourcecode.swift; path = RainbowCommentViewController.swift; sourceTree = "<group>"; };
		DDDCA7AE2693644500DB1B8F /* RainbowBookCoverViewController.swift */ = {isa = PBXFileReference; lastKnownFileType = sourcecode.swift; path = RainbowBookCoverViewController.swift; sourceTree = "<group>"; };
		DDDCA7B0269366E800DB1B8F /* BookCoverView.swift */ = {isa = PBXFileReference; lastKnownFileType = sourcecode.swift; path = BookCoverView.swift; sourceTree = "<group>"; };
		F6500F7D598A5EEEC5E6B743 /* Pods_Mascota.framework */ = {isa = PBXFileReference; explicitFileType = wrapper.framework; includeInIndex = 0; path = Pods_Mascota.framework; sourceTree = BUILT_PRODUCTS_DIR; };
/* End PBXFileReference section */

/* Begin PBXFrameworksBuildPhase section */
		18AE88A5268AE58A00EBC129 /* Frameworks */ = {
			isa = PBXFrameworksBuildPhase;
			buildActionMask = 2147483647;
			files = (
				45449CEEABAB563ED3ABF5FA /* Pods_Mascota.framework in Frameworks */,
			);
			runOnlyForDeploymentPostprocessing = 0;
		};
		18AE88BB268AE58C00EBC129 /* Frameworks */ = {
			isa = PBXFrameworksBuildPhase;
			buildActionMask = 2147483647;
			files = (
				96D17F1B29FC3C1D0286D495 /* Pods_MascotaTests.framework in Frameworks */,
			);
			runOnlyForDeploymentPostprocessing = 0;
		};
		18AE88C6268AE58C00EBC129 /* Frameworks */ = {
			isa = PBXFrameworksBuildPhase;
			buildActionMask = 2147483647;
			files = (
				2EE6649AA9D11B528378830D /* Pods_Mascota_MascotaUITests.framework in Frameworks */,
			);
			runOnlyForDeploymentPostprocessing = 0;
		};
/* End PBXFrameworksBuildPhase section */

/* Begin PBXGroup section */
		188AD0152691CC91008F4284 /* Headers */ = {
			isa = PBXGroup;
			children = (
				18AB71912693577100FADF9B /* RainbowBestSectionHeaderView.swift */,
				185091532693500A00ABDE2C /* HomeIndexCollectionReusableView.swift */,
				185091542693500A00ABDE2C /* HomeIndexCollectionReusableView.xib */,
			);
			path = Headers;
			sourceTree = "<group>";
		};
		18AB71932693577800FADF9B /* Footers */ = {
			isa = PBXGroup;
			children = (
				18AB71942693578E00FADF9B /* RainbowBestSectionFooterView.swift */,
			);
			path = Footers;
			sourceTree = "<group>";
		};
		18AE889F268AE58A00EBC129 = {
			isa = PBXGroup;
			children = (
				18AE88AA268AE58A00EBC129 /* Mascota */,
				18AE88C1268AE58C00EBC129 /* MascotaTests */,
				18AE88CC268AE58C00EBC129 /* MascotaUITests */,
				18AE88A9268AE58A00EBC129 /* Products */,
				1E7617141198F19A36A31B1B /* Pods */,
				76E8EF9FF63D77402E82AE91 /* Frameworks */,
			);
			sourceTree = "<group>";
		};
		18AE88A9268AE58A00EBC129 /* Products */ = {
			isa = PBXGroup;
			children = (
				18AE88A8268AE58A00EBC129 /* Mascota.app */,
				18AE88BE268AE58C00EBC129 /* MascotaTests.xctest */,
				18AE88C9268AE58C00EBC129 /* MascotaUITests.xctest */,
			);
			name = Products;
			sourceTree = "<group>";
		};
		18AE88AA268AE58A00EBC129 /* Mascota */ = {
			isa = PBXGroup;
			children = (
				18AE88DB268AE5CB00EBC129 /* Resources */,
				18AE88DC268AE5D800EBC129 /* Sources */,
			);
			path = Mascota;
			sourceTree = "<group>";
		};
		18AE88C1268AE58C00EBC129 /* MascotaTests */ = {
			isa = PBXGroup;
			children = (
				18AE88C2268AE58C00EBC129 /* MascotaTests.swift */,
				18AE88C4268AE58C00EBC129 /* Info.plist */,
			);
			path = MascotaTests;
			sourceTree = "<group>";
		};
		18AE88CC268AE58C00EBC129 /* MascotaUITests */ = {
			isa = PBXGroup;
			children = (
				18AE88CD268AE58C00EBC129 /* MascotaUITests.swift */,
				18AE88CF268AE58C00EBC129 /* Info.plist */,
			);
			path = MascotaUITests;
			sourceTree = "<group>";
		};
		18AE88DB268AE5CB00EBC129 /* Resources */ = {
			isa = PBXGroup;
			children = (
				4881542A268EED4100E1D739 /* Fonts */,
				18AE88B4268AE58C00EBC129 /* Assets.xcassets */,
				DD92BCAB268C52CD00A95A75 /* Colors.xcassets */,
				18AE88DE268AE6AC00EBC129 /* Storyboards */,
				18AE88DD268AE69E00EBC129 /* Constants */,
				18AE88B9268AE58C00EBC129 /* Info.plist */,
			);
			path = Resources;
			sourceTree = "<group>";
		};
		18AE88DC268AE5D800EBC129 /* Sources */ = {
			isa = PBXGroup;
			children = (
				18AB71932693577800FADF9B /* Footers */,
				18AE88AB268AE58A00EBC129 /* AppDelegate.swift */,
				18AE88AD268AE58A00EBC129 /* SceneDelegate.swift */,
				DDC360DC2692DAD2003EF8D7 /* MascotaUI */,
				18AE88E7268AE73C00EBC129 /* ViewControllers */,
				18AE88E6268AE73800EBC129 /* View */,
				188AD0152691CC91008F4284 /* Headers */,
				18AE88E5268AE72F00EBC129 /* Extensions */,
				18AE88E4268AE72B00EBC129 /* Cells */,
				18AE88E3268AE71900EBC129 /* AppModels */,
				18AE88E2268AE71100EBC129 /* APIServices */,
				18AE88E1268AE70A00EBC129 /* APIModels */,
			);
			path = Sources;
			sourceTree = "<group>";
		};
		18AE88DD268AE69E00EBC129 /* Constants */ = {
			isa = PBXGroup;
			children = (
				18AE88DF268AE6F100EBC129 /* AppConstants.swift */,
				DD92BCAF268C604200A95A75 /* Constants.swift */,
				DD6C9B1D2690AD12004223ED /* BookType.swift */,
			);
			path = Constants;
			sourceTree = "<group>";
		};
		18AE88DE268AE6AC00EBC129 /* Storyboards */ = {
			isa = PBXGroup;
			children = (
				18AE88B1268AE58A00EBC129 /* Main.storyboard */,
				18AE88B6268AE58C00EBC129 /* LaunchScreen.storyboard */,
				4809D065268E1BAD0060F5EB /* Login.storyboard */,
				483DA24F2690D1CD005DBA86 /* SignUp.storyboard */,
				4888036726919BA3000CB8F2 /* RegisterMyPet.storyboard */,
				188AD00D26919A74008F4284 /* HomeStart.storyboard */,
				18E5B41C26943B9E001927DD /* IndexEdit.storyboard */,
				18AB719626935BEA00FADF9B /* IndexDetail.storyboard */,
			);
			path = Storyboards;
			sourceTree = "<group>";
		};
		18AE88E1268AE70A00EBC129 /* APIModels */ = {
			isa = PBXGroup;
			children = (
				DD95C99C268EC16C002B35A1 /* PageTextModel.swift */,
				18AE88F2268AE78100EBC129 /* apimodel.swift */,
				48AC0BA726980B9B0012E3D3 /* RegisterMyPetAPIModel.swift */,
			);
			path = APIModels;
			sourceTree = "<group>";
		};
		18AE88E2268AE71100EBC129 /* APIServices */ = {
			isa = PBXGroup;
			children = (
				18AE88F0268AE77800EBC129 /* apiservice.swift */,
			);
			path = APIServices;
			sourceTree = "<group>";
		};
		18AE88E3268AE71900EBC129 /* AppModels */ = {
			isa = PBXGroup;
			children = (
				18AE88EE268AE76E00EBC129 /* appmodel.swift */,
			);
			path = AppModels;
			sourceTree = "<group>";
		};
		18AE88E4268AE72B00EBC129 /* Cells */ = {
			isa = PBXGroup;
			children = (
				18AE88EC268AE76400EBC129 /* cell.swift */,
				4888036F2692132C000CB8F2 /* RegisterMyPetCollectionViewCell.swift */,
				488803702692132C000CB8F2 /* RegisterMyPetCollectionViewCell.xib */,
				48880375269220D9000CB8F2 /* MakePlusCollectionViewCell.swift */,
				48880376269220D9000CB8F2 /* MakePlusCollectionViewCell.xib */,
				18519AAB2692C0D100933B24 /* BookPageCollectionViewCell.swift */,
				18519AAC2692C0D100933B24 /* BookPageCollectionViewCell.xib */,
				18CE0B5F2692D1C700C8C1E1 /* HomeIndexCollectionViewCell.swift */,
				18CE0B602692D1C700C8C1E1 /* HomeIndexCollectionViewCell.xib */,
				18DF89722692DF9900A9CB2F /* MascotaPeopleImageCell.swift */,
				18DF89732692DF9900A9CB2F /* MascotaPeopleImageCell.xib */,
				182C1D6826934518006C6511 /* PartCollectionViewCell.swift */,
				182C1D6926934518006C6511 /* PartCollectionViewCell.xib */,
				DDAD356A26920D8C005559BE /* RainbowBookPageTableViewCell.swift */,
				DD8140A026929B110072C1BD /* RainbowHelpHeaderTableViewCell.swift */,
				DDC360D82692AC76003EF8D7 /* RainbowHelpCardTableViewCell.swift */,
				DDC360DD2692DE9C003EF8D7 /* RainbowButtonTableViewCell.swift */,
				187CFF7E2694B42C003EF8C9 /* IndexEditCollectionViewCell.swift */,
				187CFF7F2694B42C003EF8C9 /* IndexEditCollectionViewCell.xib */,
				187CFF842694B50F003EF8C9 /* IndexEditPrologueCollectionViewCell.swift */,
				187CFF852694B50F003EF8C9 /* IndexEditPrologueCollectionViewCell.xib */,
				182F42A82693667A0040456B /* IndexDetailTableViewCell.swift */,
				182F42A92693667A0040456B /* IndexDetailTableViewCell.xib */,
				182F42AC2693695A0040456B /* IndexDetailHeaderView.swift */,
			);
			path = Cells;
			sourceTree = "<group>";
		};
		18AE88E5268AE72F00EBC129 /* Extensions */ = {
			isa = PBXGroup;
			children = (
				DD8E5D8D268C302100D698F2 /* UIColor+Extension.swift */,
				DD7112A4268C84BB00E6E2DC /* UIView+Extension.swift */,
				DD931B2C268DE9C7001DA072 /* UILabel+Extension.swift */,
				DD6C9B1326908D53004223ED /* UIViewController+Extension.swift */,
				DD878EA12691681900856EE2 /* String+Extension.swift */,
				DD886DE326918AF60011F8F6 /* UIFont+Extension.swift */,
				DD11DB402693219D001D3CE7 /* UINavigationController+Extension.swift */,
				185F0F742694217F008172C7 /* UIImage + Extension.swift */,
				DD8DE34D269412D6000F03C3 /* UIDevice+Extension.swift */,
				DD8DE35126941C49000F03C3 /* UIStackView+Extension.swift */,
				DD8DE353269426E1000F03C3 /* UITextField+Extension.swift */,
				DD8DE35526943EA3000F03C3 /* UITextView+Extension.swift */,
				DD8DE35B26945242000F03C3 /* UIButton+Extension.swift */,
				DD02622426972EC400C003DC /* UINavigationItem+Extension.swift */,
			);
			path = Extensions;
			sourceTree = "<group>";
		};
		18AE88E6268AE73800EBC129 /* View */ = {
			isa = PBXGroup;
			children = (
				DD92BCAD268C576B00A95A75 /* BookPageView.swift */,
				DD7112A6268C8F8500E6E2DC /* BookContentView.swift */,
				DD01C7F9268DAAD80013D5FF /* BookWriteView.swift */,
				DD95C99A268EBD7E002B35A1 /* BookRainbowPageView.swift */,
				DD95C99E268EC801002B35A1 /* BookHomePageView.swift */,
				DDDCA7B0269366E800DB1B8F /* BookCoverView.swift */,
				1850441E26982212009C0F50 /* CustomLabelAlertView.swift */,
				185044202698221D009C0F50 /* CustomLabelAlertView.xib */,
				187464312698439D00ED57DA /* CustomTextFieldAlertView.xib */,
				18746433269843B100ED57DA /* CustomTextFieldAlertView.swift */,
			);
			path = View;
			sourceTree = "<group>";
		};
		18AE88E7268AE73C00EBC129 /* ViewControllers */ = {
			isa = PBXGroup;
			children = (
				18AE88AF268AE58A00EBC129 /* ViewController.swift */,
				4809D067268E304C0060F5EB /* LoginViewController.swift */,
				DD931B2E268E0B5A001DA072 /* RainbowViewController.swift */,
				483DA2512690DAA8005DBA86 /* SignUpViewController.swift */,
				4888036926919BDF000CB8F2 /* RegisterMyPetViewController.swift */,
				188AD00F26919A8E008F4284 /* HomeStartViewController.swift */,
				DDC360E12693167A003EF8D7 /* RainbowBestViewController.swift */,
				18AB719826935C4200FADF9B /* IndexDetailViewController.swift */,
				DDDCA7AC26935ACD00DB1B8F /* RainbowCommentViewController.swift */,
				DDDCA7AE2693644500DB1B8F /* RainbowBookCoverViewController.swift */,
				18E5B41E26943BB1001927DD /* IndexEditViewController.swift */,
				DD8DE34F269419A4000F03C3 /* RainbowEpillogueViewController.swift */,
			);
			path = ViewControllers;
			sourceTree = "<group>";
		};
		1E7617141198F19A36A31B1B /* Pods */ = {
			isa = PBXGroup;
			children = (
				1AEAF6A99A34E44C31FF0642 /* Pods-Mascota.debug.xcconfig */,
				3B0CC893524A4E57FC0ED422 /* Pods-Mascota.release.xcconfig */,
				A9015002800FC5BDCDC18857 /* Pods-Mascota-MascotaUITests.debug.xcconfig */,
				35A74EECCFA306560984A74C /* Pods-Mascota-MascotaUITests.release.xcconfig */,
				D5AB90B6090251464E4BE991 /* Pods-MascotaTests.debug.xcconfig */,
				7DFC7CA3450EF7F1A28DD8AC /* Pods-MascotaTests.release.xcconfig */,
			);
			path = Pods;
			sourceTree = "<group>";
		};
		4881542A268EED4100E1D739 /* Fonts */ = {
			isa = PBXGroup;
			children = (
				DD886DDF26918ABB0011F8F6 /* NotoSansCJKkr-Bold.otf */,
				DD886DDD26918ABB0011F8F6 /* NotoSansCJKkr-Medium.otf */,
				DD886DDE26918ABB0011F8F6 /* NotoSansCJKkr-Regular.otf */,
			);
			path = Fonts;
			sourceTree = "<group>";
		};
		76E8EF9FF63D77402E82AE91 /* Frameworks */ = {
			isa = PBXGroup;
			children = (
				F6500F7D598A5EEEC5E6B743 /* Pods_Mascota.framework */,
				A7E4A10D146C5792CF4DDAC4 /* Pods_Mascota_MascotaUITests.framework */,
				B4802D1E276727F8708ACF18 /* Pods_MascotaTests.framework */,
			);
			name = Frameworks;
			sourceTree = "<group>";
		};
		DDC360DC2692DAD2003EF8D7 /* MascotaUI */ = {
			isa = PBXGroup;
			children = (
				DD886DE5269191CF0011F8F6 /* MainNavigationBarView.swift */,
				DDC360DA2692DAC9003EF8D7 /* MacoButton.swift */,
				DD6C9B1B2690A769004223ED /* CircleProfileButton.swift */,
				DDC360DF26930722003EF8D7 /* RainbowNavigationBarView.swift */,
			);
			path = MascotaUI;
			sourceTree = "<group>";
		};
/* End PBXGroup section */

/* Begin PBXNativeTarget section */
		18AE88A7268AE58A00EBC129 /* Mascota */ = {
			isa = PBXNativeTarget;
			buildConfigurationList = 18AE88D2268AE58C00EBC129 /* Build configuration list for PBXNativeTarget "Mascota" */;
			buildPhases = (
				A984061929F3311BC152C121 /* [CP] Check Pods Manifest.lock */,
				18AE88A4268AE58A00EBC129 /* Sources */,
				18AE88A5268AE58A00EBC129 /* Frameworks */,
				18AE88A6268AE58A00EBC129 /* Resources */,
				B5205F768EE3051A58E25689 /* [CP] Embed Pods Frameworks */,
				1893F3A9268AEDA500D6288F /* ShellScript */,
			);
			buildRules = (
			);
			dependencies = (
			);
			name = Mascota;
			productName = Mascota;
			productReference = 18AE88A8268AE58A00EBC129 /* Mascota.app */;
			productType = "com.apple.product-type.application";
		};
		18AE88BD268AE58C00EBC129 /* MascotaTests */ = {
			isa = PBXNativeTarget;
			buildConfigurationList = 18AE88D5268AE58C00EBC129 /* Build configuration list for PBXNativeTarget "MascotaTests" */;
			buildPhases = (
				3B8BE0183B15C66CE22F7C17 /* [CP] Check Pods Manifest.lock */,
				18AE88BA268AE58C00EBC129 /* Sources */,
				18AE88BB268AE58C00EBC129 /* Frameworks */,
				18AE88BC268AE58C00EBC129 /* Resources */,
			);
			buildRules = (
			);
			dependencies = (
				18AE88C0268AE58C00EBC129 /* PBXTargetDependency */,
			);
			name = MascotaTests;
			productName = MascotaTests;
			productReference = 18AE88BE268AE58C00EBC129 /* MascotaTests.xctest */;
			productType = "com.apple.product-type.bundle.unit-test";
		};
		18AE88C8268AE58C00EBC129 /* MascotaUITests */ = {
			isa = PBXNativeTarget;
			buildConfigurationList = 18AE88D8268AE58C00EBC129 /* Build configuration list for PBXNativeTarget "MascotaUITests" */;
			buildPhases = (
				5137EA4BFCBAB757806CB96D /* [CP] Check Pods Manifest.lock */,
				18AE88C5268AE58C00EBC129 /* Sources */,
				18AE88C6268AE58C00EBC129 /* Frameworks */,
				18AE88C7268AE58C00EBC129 /* Resources */,
				07ACFF9691B40C62176E9A59 /* [CP] Embed Pods Frameworks */,
			);
			buildRules = (
			);
			dependencies = (
				18AE88CB268AE58C00EBC129 /* PBXTargetDependency */,
			);
			name = MascotaUITests;
			productName = MascotaUITests;
			productReference = 18AE88C9268AE58C00EBC129 /* MascotaUITests.xctest */;
			productType = "com.apple.product-type.bundle.ui-testing";
		};
/* End PBXNativeTarget section */

/* Begin PBXProject section */
		18AE88A0268AE58A00EBC129 /* Project object */ = {
			isa = PBXProject;
			attributes = {
				LastSwiftUpdateCheck = 1250;
				LastUpgradeCheck = 1250;
				TargetAttributes = {
					18AE88A7268AE58A00EBC129 = {
						CreatedOnToolsVersion = 12.5.1;
					};
					18AE88BD268AE58C00EBC129 = {
						CreatedOnToolsVersion = 12.5.1;
						TestTargetID = 18AE88A7268AE58A00EBC129;
					};
					18AE88C8268AE58C00EBC129 = {
						CreatedOnToolsVersion = 12.5.1;
						TestTargetID = 18AE88A7268AE58A00EBC129;
					};
				};
			};
			buildConfigurationList = 18AE88A3268AE58A00EBC129 /* Build configuration list for PBXProject "Mascota" */;
			compatibilityVersion = "Xcode 9.3";
			developmentRegion = en;
			hasScannedForEncodings = 0;
			knownRegions = (
				en,
				Base,
			);
			mainGroup = 18AE889F268AE58A00EBC129;
			productRefGroup = 18AE88A9268AE58A00EBC129 /* Products */;
			projectDirPath = "";
			projectRoot = "";
			targets = (
				18AE88A7268AE58A00EBC129 /* Mascota */,
				18AE88BD268AE58C00EBC129 /* MascotaTests */,
				18AE88C8268AE58C00EBC129 /* MascotaUITests */,
			);
		};
/* End PBXProject section */

/* Begin PBXResourcesBuildPhase section */
		18AE88A6268AE58A00EBC129 /* Resources */ = {
			isa = PBXResourcesBuildPhase;
			buildActionMask = 2147483647;
			files = (
				185091562693500A00ABDE2C /* HomeIndexCollectionReusableView.xib in Resources */,
				188AD00E26919A74008F4284 /* HomeStart.storyboard in Resources */,
				185044212698221D009C0F50 /* CustomLabelAlertView.xib in Resources */,
				18AE88B8268AE58C00EBC129 /* LaunchScreen.storyboard in Resources */,
				18DF89752692DF9900A9CB2F /* MascotaPeopleImageCell.xib in Resources */,
				182C1D6B26934518006C6511 /* PartCollectionViewCell.xib in Resources */,
				DD886DE226918ABC0011F8F6 /* NotoSansCJKkr-Bold.otf in Resources */,
				4888036826919BA3000CB8F2 /* RegisterMyPet.storyboard in Resources */,
				488803722692132C000CB8F2 /* RegisterMyPetCollectionViewCell.xib in Resources */,
				DD92BCAC268C52CD00A95A75 /* Colors.xcassets in Resources */,
				187464322698439D00ED57DA /* CustomTextFieldAlertView.xib in Resources */,
				483DA2502690D1CD005DBA86 /* SignUp.storyboard in Resources */,
				18AB719726935BEA00FADF9B /* IndexDetail.storyboard in Resources */,
				DD886DE126918ABC0011F8F6 /* NotoSansCJKkr-Regular.otf in Resources */,
				18E5B41D26943B9E001927DD /* IndexEdit.storyboard in Resources */,
				18AE88B5268AE58C00EBC129 /* Assets.xcassets in Resources */,
				18CE0B622692D1C700C8C1E1 /* HomeIndexCollectionViewCell.xib in Resources */,
				18519AAE2692C0D100933B24 /* BookPageCollectionViewCell.xib in Resources */,
				182F42AB2693667A0040456B /* IndexDetailTableViewCell.xib in Resources */,
				4809D066268E1BAD0060F5EB /* Login.storyboard in Resources */,
				187CFF872694B50F003EF8C9 /* IndexEditPrologueCollectionViewCell.xib in Resources */,
				48880378269220D9000CB8F2 /* MakePlusCollectionViewCell.xib in Resources */,
				18AE88B3268AE58A00EBC129 /* Main.storyboard in Resources */,
				DD886DE026918ABC0011F8F6 /* NotoSansCJKkr-Medium.otf in Resources */,
				187CFF812694B42C003EF8C9 /* IndexEditCollectionViewCell.xib in Resources */,
			);
			runOnlyForDeploymentPostprocessing = 0;
		};
		18AE88BC268AE58C00EBC129 /* Resources */ = {
			isa = PBXResourcesBuildPhase;
			buildActionMask = 2147483647;
			files = (
			);
			runOnlyForDeploymentPostprocessing = 0;
		};
		18AE88C7268AE58C00EBC129 /* Resources */ = {
			isa = PBXResourcesBuildPhase;
			buildActionMask = 2147483647;
			files = (
			);
			runOnlyForDeploymentPostprocessing = 0;
		};
/* End PBXResourcesBuildPhase section */

/* Begin PBXShellScriptBuildPhase section */
		07ACFF9691B40C62176E9A59 /* [CP] Embed Pods Frameworks */ = {
			isa = PBXShellScriptBuildPhase;
			buildActionMask = 2147483647;
			files = (
			);
			inputFileListPaths = (
				"${PODS_ROOT}/Target Support Files/Pods-Mascota-MascotaUITests/Pods-Mascota-MascotaUITests-frameworks-${CONFIGURATION}-input-files.xcfilelist",
			);
			name = "[CP] Embed Pods Frameworks";
			outputFileListPaths = (
				"${PODS_ROOT}/Target Support Files/Pods-Mascota-MascotaUITests/Pods-Mascota-MascotaUITests-frameworks-${CONFIGURATION}-output-files.xcfilelist",
			);
			runOnlyForDeploymentPostprocessing = 0;
			shellPath = /bin/sh;
			shellScript = "\"${PODS_ROOT}/Target Support Files/Pods-Mascota-MascotaUITests/Pods-Mascota-MascotaUITests-frameworks.sh\"\n";
			showEnvVarsInLog = 0;
		};
		1893F3A9268AEDA500D6288F /* ShellScript */ = {
			isa = PBXShellScriptBuildPhase;
			buildActionMask = 2147483647;
			files = (
			);
			inputFileListPaths = (
			);
			inputPaths = (
			);
			outputFileListPaths = (
			);
			outputPaths = (
			);
			runOnlyForDeploymentPostprocessing = 0;
			shellPath = /bin/sh;
			shellScript = "# Type a script or drag a script file from your workspace to insert its path.\n${PODS_ROOT}/SwiftLint/swiftlint\n";
		};
		3B8BE0183B15C66CE22F7C17 /* [CP] Check Pods Manifest.lock */ = {
			isa = PBXShellScriptBuildPhase;
			buildActionMask = 2147483647;
			files = (
			);
			inputFileListPaths = (
			);
			inputPaths = (
				"${PODS_PODFILE_DIR_PATH}/Podfile.lock",
				"${PODS_ROOT}/Manifest.lock",
			);
			name = "[CP] Check Pods Manifest.lock";
			outputFileListPaths = (
			);
			outputPaths = (
				"$(DERIVED_FILE_DIR)/Pods-MascotaTests-checkManifestLockResult.txt",
			);
			runOnlyForDeploymentPostprocessing = 0;
			shellPath = /bin/sh;
			shellScript = "diff \"${PODS_PODFILE_DIR_PATH}/Podfile.lock\" \"${PODS_ROOT}/Manifest.lock\" > /dev/null\nif [ $? != 0 ] ; then\n    # print error to STDERR\n    echo \"error: The sandbox is not in sync with the Podfile.lock. Run 'pod install' or update your CocoaPods installation.\" >&2\n    exit 1\nfi\n# This output is used by Xcode 'outputs' to avoid re-running this script phase.\necho \"SUCCESS\" > \"${SCRIPT_OUTPUT_FILE_0}\"\n";
			showEnvVarsInLog = 0;
		};
		5137EA4BFCBAB757806CB96D /* [CP] Check Pods Manifest.lock */ = {
			isa = PBXShellScriptBuildPhase;
			buildActionMask = 2147483647;
			files = (
			);
			inputFileListPaths = (
			);
			inputPaths = (
				"${PODS_PODFILE_DIR_PATH}/Podfile.lock",
				"${PODS_ROOT}/Manifest.lock",
			);
			name = "[CP] Check Pods Manifest.lock";
			outputFileListPaths = (
			);
			outputPaths = (
				"$(DERIVED_FILE_DIR)/Pods-Mascota-MascotaUITests-checkManifestLockResult.txt",
			);
			runOnlyForDeploymentPostprocessing = 0;
			shellPath = /bin/sh;
			shellScript = "diff \"${PODS_PODFILE_DIR_PATH}/Podfile.lock\" \"${PODS_ROOT}/Manifest.lock\" > /dev/null\nif [ $? != 0 ] ; then\n    # print error to STDERR\n    echo \"error: The sandbox is not in sync with the Podfile.lock. Run 'pod install' or update your CocoaPods installation.\" >&2\n    exit 1\nfi\n# This output is used by Xcode 'outputs' to avoid re-running this script phase.\necho \"SUCCESS\" > \"${SCRIPT_OUTPUT_FILE_0}\"\n";
			showEnvVarsInLog = 0;
		};
		A984061929F3311BC152C121 /* [CP] Check Pods Manifest.lock */ = {
			isa = PBXShellScriptBuildPhase;
			buildActionMask = 2147483647;
			files = (
			);
			inputFileListPaths = (
			);
			inputPaths = (
				"${PODS_PODFILE_DIR_PATH}/Podfile.lock",
				"${PODS_ROOT}/Manifest.lock",
			);
			name = "[CP] Check Pods Manifest.lock";
			outputFileListPaths = (
			);
			outputPaths = (
				"$(DERIVED_FILE_DIR)/Pods-Mascota-checkManifestLockResult.txt",
			);
			runOnlyForDeploymentPostprocessing = 0;
			shellPath = /bin/sh;
			shellScript = "diff \"${PODS_PODFILE_DIR_PATH}/Podfile.lock\" \"${PODS_ROOT}/Manifest.lock\" > /dev/null\nif [ $? != 0 ] ; then\n    # print error to STDERR\n    echo \"error: The sandbox is not in sync with the Podfile.lock. Run 'pod install' or update your CocoaPods installation.\" >&2\n    exit 1\nfi\n# This output is used by Xcode 'outputs' to avoid re-running this script phase.\necho \"SUCCESS\" > \"${SCRIPT_OUTPUT_FILE_0}\"\n";
			showEnvVarsInLog = 0;
		};
		B5205F768EE3051A58E25689 /* [CP] Embed Pods Frameworks */ = {
			isa = PBXShellScriptBuildPhase;
			buildActionMask = 2147483647;
			files = (
			);
			inputFileListPaths = (
				"${PODS_ROOT}/Target Support Files/Pods-Mascota/Pods-Mascota-frameworks-${CONFIGURATION}-input-files.xcfilelist",
			);
			name = "[CP] Embed Pods Frameworks";
			outputFileListPaths = (
				"${PODS_ROOT}/Target Support Files/Pods-Mascota/Pods-Mascota-frameworks-${CONFIGURATION}-output-files.xcfilelist",
			);
			runOnlyForDeploymentPostprocessing = 0;
			shellPath = /bin/sh;
			shellScript = "\"${PODS_ROOT}/Target Support Files/Pods-Mascota/Pods-Mascota-frameworks.sh\"\n";
			showEnvVarsInLog = 0;
		};
/* End PBXShellScriptBuildPhase section */

/* Begin PBXSourcesBuildPhase section */
		18AE88A4268AE58A00EBC129 /* Sources */ = {
			isa = PBXSourcesBuildPhase;
			buildActionMask = 2147483647;
			files = (
				1850441F26982212009C0F50 /* CustomLabelAlertView.swift in Sources */,
				18DF89742692DF9900A9CB2F /* MascotaPeopleImageCell.swift in Sources */,
				4809D068268E304C0060F5EB /* LoginViewController.swift in Sources */,
				18AB719926935C4200FADF9B /* IndexDetailViewController.swift in Sources */,
				488803712692132C000CB8F2 /* RegisterMyPetCollectionViewCell.swift in Sources */,
				DDDCA7AF2693644500DB1B8F /* RainbowBookCoverViewController.swift in Sources */,
				DDDCA7B1269366E800DB1B8F /* BookCoverView.swift in Sources */,
				DD931B2D268DE9C7001DA072 /* UILabel+Extension.swift in Sources */,
				18AE88B0268AE58A00EBC129 /* ViewController.swift in Sources */,
				18519AAD2692C0D100933B24 /* BookPageCollectionViewCell.swift in Sources */,
				DD8DE350269419A4000F03C3 /* RainbowEpillogueViewController.swift in Sources */,
				DD02622526972EC400C003DC /* UINavigationItem+Extension.swift in Sources */,
				DD7112A5268C84BB00E6E2DC /* UIView+Extension.swift in Sources */,
				DD6C9B1C2690A769004223ED /* CircleProfileButton.swift in Sources */,
				48AC0BA826980B9B0012E3D3 /* RegisterMyPetAPIModel.swift in Sources */,
				DDDCA7AD26935ACD00DB1B8F /* RainbowCommentViewController.swift in Sources */,
				DD7112A7268C8F8500E6E2DC /* BookContentView.swift in Sources */,
				DD886DE426918AF60011F8F6 /* UIFont+Extension.swift in Sources */,
				18AB71952693578E00FADF9B /* RainbowBestSectionFooterView.swift in Sources */,
				DD878EA22691681900856EE2 /* String+Extension.swift in Sources */,
				48880377269220D9000CB8F2 /* MakePlusCollectionViewCell.swift in Sources */,
				18AE88AC268AE58A00EBC129 /* AppDelegate.swift in Sources */,
				DDC360E22693167A003EF8D7 /* RainbowBestViewController.swift in Sources */,
				DD8140A126929B110072C1BD /* RainbowHelpHeaderTableViewCell.swift in Sources */,
				185F0F752694217F008172C7 /* UIImage + Extension.swift in Sources */,
				18AE88AE268AE58A00EBC129 /* SceneDelegate.swift in Sources */,
				18AB71922693577100FADF9B /* RainbowBestSectionHeaderView.swift in Sources */,
				DD8DE35C26945242000F03C3 /* UIButton+Extension.swift in Sources */,
				182C1D6A26934518006C6511 /* PartCollectionViewCell.swift in Sources */,
				18AE88EF268AE76E00EBC129 /* appmodel.swift in Sources */,
				DDC360E026930722003EF8D7 /* RainbowNavigationBarView.swift in Sources */,
				DD8E5D8E268C302100D698F2 /* UIColor+Extension.swift in Sources */,
				18AE88F3268AE78100EBC129 /* apimodel.swift in Sources */,
				188AD01026919A8E008F4284 /* HomeStartViewController.swift in Sources */,
				182F42AD2693695A0040456B /* IndexDetailHeaderView.swift in Sources */,
				DD931B2F268E0B5A001DA072 /* RainbowViewController.swift in Sources */,
				18AE88E0268AE6F100EBC129 /* AppConstants.swift in Sources */,
				18AE88F1268AE77800EBC129 /* apiservice.swift in Sources */,
				4888036A26919BDF000CB8F2 /* RegisterMyPetViewController.swift in Sources */,
				DD8DE35226941C49000F03C3 /* UIStackView+Extension.swift in Sources */,
				DD8DE354269426E1000F03C3 /* UITextField+Extension.swift in Sources */,
				DDAD356B26920D8C005559BE /* RainbowBookPageTableViewCell.swift in Sources */,
				187CFF862694B50F003EF8C9 /* IndexEditPrologueCollectionViewCell.swift in Sources */,
				DD8DE34E269412D6000F03C3 /* UIDevice+Extension.swift in Sources */,
				DD8DE35626943EA3000F03C3 /* UITextView+Extension.swift in Sources */,
				DD92BCAE268C576B00A95A75 /* BookPageView.swift in Sources */,
				483DA2522690DAA8005DBA86 /* SignUpViewController.swift in Sources */,
				DD95C99B268EBD7E002B35A1 /* BookRainbowPageView.swift in Sources */,
				DD92BCB0268C604200A95A75 /* Constants.swift in Sources */,
				182F42AA2693667A0040456B /* IndexDetailTableViewCell.swift in Sources */,
				18CE0B612692D1C700C8C1E1 /* HomeIndexCollectionViewCell.swift in Sources */,
				DD95C99F268EC801002B35A1 /* BookHomePageView.swift in Sources */,
				DDC360DE2692DE9C003EF8D7 /* RainbowButtonTableViewCell.swift in Sources */,
				18746434269843B100ED57DA /* CustomTextFieldAlertView.swift in Sources */,
				DDC360D92692AC76003EF8D7 /* RainbowHelpCardTableViewCell.swift in Sources */,
				DD886DE6269191CF0011F8F6 /* MainNavigationBarView.swift in Sources */,
				187CFF802694B42C003EF8C9 /* IndexEditCollectionViewCell.swift in Sources */,
				DD6C9B1426908D53004223ED /* UIViewController+Extension.swift in Sources */,
				DDC360DB2692DAC9003EF8D7 /* MacoButton.swift in Sources */,
				DD95C99D268EC16C002B35A1 /* PageTextModel.swift in Sources */,
				185091552693500A00ABDE2C /* HomeIndexCollectionReusableView.swift in Sources */,
				18E5B41F26943BB1001927DD /* IndexEditViewController.swift in Sources */,
				DD11DB412693219D001D3CE7 /* UINavigationController+Extension.swift in Sources */,
				DD6C9B1E2690AD12004223ED /* BookType.swift in Sources */,
				DD01C7FA268DAAD80013D5FF /* BookWriteView.swift in Sources */,
			);
			runOnlyForDeploymentPostprocessing = 0;
		};
		18AE88BA268AE58C00EBC129 /* Sources */ = {
			isa = PBXSourcesBuildPhase;
			buildActionMask = 2147483647;
			files = (
				18AE88C3268AE58C00EBC129 /* MascotaTests.swift in Sources */,
			);
			runOnlyForDeploymentPostprocessing = 0;
		};
		18AE88C5268AE58C00EBC129 /* Sources */ = {
			isa = PBXSourcesBuildPhase;
			buildActionMask = 2147483647;
			files = (
				18AE88CE268AE58C00EBC129 /* MascotaUITests.swift in Sources */,
			);
			runOnlyForDeploymentPostprocessing = 0;
		};
/* End PBXSourcesBuildPhase section */

/* Begin PBXTargetDependency section */
		18AE88C0268AE58C00EBC129 /* PBXTargetDependency */ = {
			isa = PBXTargetDependency;
			target = 18AE88A7268AE58A00EBC129 /* Mascota */;
			targetProxy = 18AE88BF268AE58C00EBC129 /* PBXContainerItemProxy */;
		};
		18AE88CB268AE58C00EBC129 /* PBXTargetDependency */ = {
			isa = PBXTargetDependency;
			target = 18AE88A7268AE58A00EBC129 /* Mascota */;
			targetProxy = 18AE88CA268AE58C00EBC129 /* PBXContainerItemProxy */;
		};
/* End PBXTargetDependency section */

/* Begin PBXVariantGroup section */
		18AE88B1268AE58A00EBC129 /* Main.storyboard */ = {
			isa = PBXVariantGroup;
			children = (
				18AE88B2268AE58A00EBC129 /* Base */,
			);
			name = Main.storyboard;
			sourceTree = "<group>";
		};
		18AE88B6268AE58C00EBC129 /* LaunchScreen.storyboard */ = {
			isa = PBXVariantGroup;
			children = (
				18AE88B7268AE58C00EBC129 /* Base */,
			);
			name = LaunchScreen.storyboard;
			sourceTree = "<group>";
		};
/* End PBXVariantGroup section */

/* Begin XCBuildConfiguration section */
		18AE88D0268AE58C00EBC129 /* Debug */ = {
			isa = XCBuildConfiguration;
			buildSettings = {
				ALWAYS_EMBED_SWIFT_STANDARD_LIBRARIES = NO;
				ALWAYS_SEARCH_USER_PATHS = NO;
				CLANG_ANALYZER_NONNULL = YES;
				CLANG_ANALYZER_NUMBER_OBJECT_CONVERSION = YES_AGGRESSIVE;
				CLANG_CXX_LANGUAGE_STANDARD = "gnu++14";
				CLANG_CXX_LIBRARY = "libc++";
				CLANG_ENABLE_MODULES = YES;
				CLANG_ENABLE_OBJC_ARC = YES;
				CLANG_ENABLE_OBJC_WEAK = YES;
				CLANG_WARN_BLOCK_CAPTURE_AUTORELEASING = YES;
				CLANG_WARN_BOOL_CONVERSION = YES;
				CLANG_WARN_COMMA = YES;
				CLANG_WARN_CONSTANT_CONVERSION = YES;
				CLANG_WARN_DEPRECATED_OBJC_IMPLEMENTATIONS = YES;
				CLANG_WARN_DIRECT_OBJC_ISA_USAGE = YES_ERROR;
				CLANG_WARN_DOCUMENTATION_COMMENTS = YES;
				CLANG_WARN_EMPTY_BODY = YES;
				CLANG_WARN_ENUM_CONVERSION = YES;
				CLANG_WARN_INFINITE_RECURSION = YES;
				CLANG_WARN_INT_CONVERSION = YES;
				CLANG_WARN_NON_LITERAL_NULL_CONVERSION = YES;
				CLANG_WARN_OBJC_IMPLICIT_RETAIN_SELF = YES;
				CLANG_WARN_OBJC_LITERAL_CONVERSION = YES;
				CLANG_WARN_OBJC_ROOT_CLASS = YES_ERROR;
				CLANG_WARN_QUOTED_INCLUDE_IN_FRAMEWORK_HEADER = YES;
				CLANG_WARN_RANGE_LOOP_ANALYSIS = YES;
				CLANG_WARN_STRICT_PROTOTYPES = YES;
				CLANG_WARN_SUSPICIOUS_MOVE = YES;
				CLANG_WARN_UNGUARDED_AVAILABILITY = YES_AGGRESSIVE;
				CLANG_WARN_UNREACHABLE_CODE = YES;
				CLANG_WARN__DUPLICATE_METHOD_MATCH = YES;
				COPY_PHASE_STRIP = NO;
				DEBUG_INFORMATION_FORMAT = dwarf;
				ENABLE_STRICT_OBJC_MSGSEND = YES;
				ENABLE_TESTABILITY = YES;
				GCC_C_LANGUAGE_STANDARD = gnu11;
				GCC_DYNAMIC_NO_PIC = NO;
				GCC_NO_COMMON_BLOCKS = YES;
				GCC_OPTIMIZATION_LEVEL = 0;
				GCC_PREPROCESSOR_DEFINITIONS = (
					"DEBUG=1",
					"$(inherited)",
				);
				GCC_WARN_64_TO_32_BIT_CONVERSION = YES;
				GCC_WARN_ABOUT_RETURN_TYPE = YES_ERROR;
				GCC_WARN_UNDECLARED_SELECTOR = YES;
				GCC_WARN_UNINITIALIZED_AUTOS = YES_AGGRESSIVE;
				GCC_WARN_UNUSED_FUNCTION = YES;
				GCC_WARN_UNUSED_VARIABLE = YES;
				IPHONEOS_DEPLOYMENT_TARGET = 14.5;
				MTL_ENABLE_DEBUG_INFO = INCLUDE_SOURCE;
				MTL_FAST_MATH = YES;
				ONLY_ACTIVE_ARCH = YES;
				SDKROOT = iphoneos;
				SWIFT_ACTIVE_COMPILATION_CONDITIONS = DEBUG;
				SWIFT_OPTIMIZATION_LEVEL = "-Onone";
			};
			name = Debug;
		};
		18AE88D1268AE58C00EBC129 /* Release */ = {
			isa = XCBuildConfiguration;
			buildSettings = {
				ALWAYS_EMBED_SWIFT_STANDARD_LIBRARIES = NO;
				ALWAYS_SEARCH_USER_PATHS = NO;
				CLANG_ANALYZER_NONNULL = YES;
				CLANG_ANALYZER_NUMBER_OBJECT_CONVERSION = YES_AGGRESSIVE;
				CLANG_CXX_LANGUAGE_STANDARD = "gnu++14";
				CLANG_CXX_LIBRARY = "libc++";
				CLANG_ENABLE_MODULES = YES;
				CLANG_ENABLE_OBJC_ARC = YES;
				CLANG_ENABLE_OBJC_WEAK = YES;
				CLANG_WARN_BLOCK_CAPTURE_AUTORELEASING = YES;
				CLANG_WARN_BOOL_CONVERSION = YES;
				CLANG_WARN_COMMA = YES;
				CLANG_WARN_CONSTANT_CONVERSION = YES;
				CLANG_WARN_DEPRECATED_OBJC_IMPLEMENTATIONS = YES;
				CLANG_WARN_DIRECT_OBJC_ISA_USAGE = YES_ERROR;
				CLANG_WARN_DOCUMENTATION_COMMENTS = YES;
				CLANG_WARN_EMPTY_BODY = YES;
				CLANG_WARN_ENUM_CONVERSION = YES;
				CLANG_WARN_INFINITE_RECURSION = YES;
				CLANG_WARN_INT_CONVERSION = YES;
				CLANG_WARN_NON_LITERAL_NULL_CONVERSION = YES;
				CLANG_WARN_OBJC_IMPLICIT_RETAIN_SELF = YES;
				CLANG_WARN_OBJC_LITERAL_CONVERSION = YES;
				CLANG_WARN_OBJC_ROOT_CLASS = YES_ERROR;
				CLANG_WARN_QUOTED_INCLUDE_IN_FRAMEWORK_HEADER = YES;
				CLANG_WARN_RANGE_LOOP_ANALYSIS = YES;
				CLANG_WARN_STRICT_PROTOTYPES = YES;
				CLANG_WARN_SUSPICIOUS_MOVE = YES;
				CLANG_WARN_UNGUARDED_AVAILABILITY = YES_AGGRESSIVE;
				CLANG_WARN_UNREACHABLE_CODE = YES;
				CLANG_WARN__DUPLICATE_METHOD_MATCH = YES;
				COPY_PHASE_STRIP = NO;
				DEBUG_INFORMATION_FORMAT = "dwarf-with-dsym";
				ENABLE_NS_ASSERTIONS = NO;
				ENABLE_STRICT_OBJC_MSGSEND = YES;
				GCC_C_LANGUAGE_STANDARD = gnu11;
				GCC_NO_COMMON_BLOCKS = YES;
				GCC_WARN_64_TO_32_BIT_CONVERSION = YES;
				GCC_WARN_ABOUT_RETURN_TYPE = YES_ERROR;
				GCC_WARN_UNDECLARED_SELECTOR = YES;
				GCC_WARN_UNINITIALIZED_AUTOS = YES_AGGRESSIVE;
				GCC_WARN_UNUSED_FUNCTION = YES;
				GCC_WARN_UNUSED_VARIABLE = YES;
				IPHONEOS_DEPLOYMENT_TARGET = 14.5;
				MTL_ENABLE_DEBUG_INFO = NO;
				MTL_FAST_MATH = YES;
				SDKROOT = iphoneos;
				SWIFT_COMPILATION_MODE = wholemodule;
				SWIFT_OPTIMIZATION_LEVEL = "-O";
				VALIDATE_PRODUCT = YES;
			};
			name = Release;
		};
		18AE88D3268AE58C00EBC129 /* Debug */ = {
			isa = XCBuildConfiguration;
			baseConfigurationReference = 1AEAF6A99A34E44C31FF0642 /* Pods-Mascota.debug.xcconfig */;
			buildSettings = {
				ALWAYS_EMBED_SWIFT_STANDARD_LIBRARIES = "$(inherited)";
				ASSETCATALOG_COMPILER_APPICON_NAME = AppIcon;
				ASSETCATALOG_COMPILER_GLOBAL_ACCENT_COLOR_NAME = AccentColor;
				CODE_SIGN_STYLE = Automatic;
				DEVELOPMENT_TEAM = 4QG3GC35LA;
				INFOPLIST_FILE = Mascota/Resources/Info.plist;
				LD_RUNPATH_SEARCH_PATHS = (
					"$(inherited)",
					"@executable_path/Frameworks",
				);
				PRODUCT_BUNDLE_IDENTIFIER = Mascota.Mascota;
				PRODUCT_NAME = "$(TARGET_NAME)";
				SWIFT_VERSION = 5.0;
				TARGETED_DEVICE_FAMILY = "1,2";
			};
			name = Debug;
		};
		18AE88D4268AE58C00EBC129 /* Release */ = {
			isa = XCBuildConfiguration;
			baseConfigurationReference = 3B0CC893524A4E57FC0ED422 /* Pods-Mascota.release.xcconfig */;
			buildSettings = {
				ALWAYS_EMBED_SWIFT_STANDARD_LIBRARIES = "$(inherited)";
				ASSETCATALOG_COMPILER_APPICON_NAME = AppIcon;
				ASSETCATALOG_COMPILER_GLOBAL_ACCENT_COLOR_NAME = AccentColor;
				CODE_SIGN_STYLE = Automatic;
				DEVELOPMENT_TEAM = 4QG3GC35LA;
				INFOPLIST_FILE = Mascota/Resources/Info.plist;
				LD_RUNPATH_SEARCH_PATHS = (
					"$(inherited)",
					"@executable_path/Frameworks",
				);
				PRODUCT_BUNDLE_IDENTIFIER = Mascota.Mascota;
				PRODUCT_NAME = "$(TARGET_NAME)";
				SWIFT_VERSION = 5.0;
				TARGETED_DEVICE_FAMILY = "1,2";
			};
			name = Release;
		};
		18AE88D6268AE58C00EBC129 /* Debug */ = {
			isa = XCBuildConfiguration;
			baseConfigurationReference = D5AB90B6090251464E4BE991 /* Pods-MascotaTests.debug.xcconfig */;
			buildSettings = {
				ALWAYS_EMBED_SWIFT_STANDARD_LIBRARIES = "$(inherited)";
				BUNDLE_LOADER = "$(TEST_HOST)";
				CODE_SIGN_STYLE = Automatic;
				DEVELOPMENT_TEAM = G7C4N7STA6;
				INFOPLIST_FILE = MascotaTests/Info.plist;
				IPHONEOS_DEPLOYMENT_TARGET = 14.5;
				LD_RUNPATH_SEARCH_PATHS = (
					"$(inherited)",
					"@executable_path/Frameworks",
					"@loader_path/Frameworks",
				);
				PRODUCT_BUNDLE_IDENTIFIER = Mascota.MascotaTests;
				PRODUCT_NAME = "$(TARGET_NAME)";
				SWIFT_VERSION = 5.0;
				TARGETED_DEVICE_FAMILY = "1,2";
				TEST_HOST = "$(BUILT_PRODUCTS_DIR)/Mascota.app/Mascota";
			};
			name = Debug;
		};
		18AE88D7268AE58C00EBC129 /* Release */ = {
			isa = XCBuildConfiguration;
			baseConfigurationReference = 7DFC7CA3450EF7F1A28DD8AC /* Pods-MascotaTests.release.xcconfig */;
			buildSettings = {
				ALWAYS_EMBED_SWIFT_STANDARD_LIBRARIES = "$(inherited)";
				BUNDLE_LOADER = "$(TEST_HOST)";
				CODE_SIGN_STYLE = Automatic;
				DEVELOPMENT_TEAM = G7C4N7STA6;
				INFOPLIST_FILE = MascotaTests/Info.plist;
				IPHONEOS_DEPLOYMENT_TARGET = 14.5;
				LD_RUNPATH_SEARCH_PATHS = (
					"$(inherited)",
					"@executable_path/Frameworks",
					"@loader_path/Frameworks",
				);
				PRODUCT_BUNDLE_IDENTIFIER = Mascota.MascotaTests;
				PRODUCT_NAME = "$(TARGET_NAME)";
				SWIFT_VERSION = 5.0;
				TARGETED_DEVICE_FAMILY = "1,2";
				TEST_HOST = "$(BUILT_PRODUCTS_DIR)/Mascota.app/Mascota";
			};
			name = Release;
		};
		18AE88D9268AE58C00EBC129 /* Debug */ = {
			isa = XCBuildConfiguration;
			baseConfigurationReference = A9015002800FC5BDCDC18857 /* Pods-Mascota-MascotaUITests.debug.xcconfig */;
			buildSettings = {
				ALWAYS_EMBED_SWIFT_STANDARD_LIBRARIES = "$(inherited)";
				CODE_SIGN_STYLE = Automatic;
				DEVELOPMENT_TEAM = G7C4N7STA6;
				INFOPLIST_FILE = MascotaUITests/Info.plist;
				LD_RUNPATH_SEARCH_PATHS = (
					"$(inherited)",
					"@executable_path/Frameworks",
					"@loader_path/Frameworks",
				);
				PRODUCT_BUNDLE_IDENTIFIER = Mascota.MascotaUITests;
				PRODUCT_NAME = "$(TARGET_NAME)";
				SWIFT_VERSION = 5.0;
				TARGETED_DEVICE_FAMILY = "1,2";
				TEST_TARGET_NAME = Mascota;
			};
			name = Debug;
		};
		18AE88DA268AE58C00EBC129 /* Release */ = {
			isa = XCBuildConfiguration;
			baseConfigurationReference = 35A74EECCFA306560984A74C /* Pods-Mascota-MascotaUITests.release.xcconfig */;
			buildSettings = {
				ALWAYS_EMBED_SWIFT_STANDARD_LIBRARIES = "$(inherited)";
				CODE_SIGN_STYLE = Automatic;
				DEVELOPMENT_TEAM = G7C4N7STA6;
				INFOPLIST_FILE = MascotaUITests/Info.plist;
				LD_RUNPATH_SEARCH_PATHS = (
					"$(inherited)",
					"@executable_path/Frameworks",
					"@loader_path/Frameworks",
				);
				PRODUCT_BUNDLE_IDENTIFIER = Mascota.MascotaUITests;
				PRODUCT_NAME = "$(TARGET_NAME)";
				SWIFT_VERSION = 5.0;
				TARGETED_DEVICE_FAMILY = "1,2";
				TEST_TARGET_NAME = Mascota;
			};
			name = Release;
		};
/* End XCBuildConfiguration section */

/* Begin XCConfigurationList section */
		18AE88A3268AE58A00EBC129 /* Build configuration list for PBXProject "Mascota" */ = {
			isa = XCConfigurationList;
			buildConfigurations = (
				18AE88D0268AE58C00EBC129 /* Debug */,
				18AE88D1268AE58C00EBC129 /* Release */,
			);
			defaultConfigurationIsVisible = 0;
			defaultConfigurationName = Release;
		};
		18AE88D2268AE58C00EBC129 /* Build configuration list for PBXNativeTarget "Mascota" */ = {
			isa = XCConfigurationList;
			buildConfigurations = (
				18AE88D3268AE58C00EBC129 /* Debug */,
				18AE88D4268AE58C00EBC129 /* Release */,
			);
			defaultConfigurationIsVisible = 0;
			defaultConfigurationName = Release;
		};
		18AE88D5268AE58C00EBC129 /* Build configuration list for PBXNativeTarget "MascotaTests" */ = {
			isa = XCConfigurationList;
			buildConfigurations = (
				18AE88D6268AE58C00EBC129 /* Debug */,
				18AE88D7268AE58C00EBC129 /* Release */,
			);
			defaultConfigurationIsVisible = 0;
			defaultConfigurationName = Release;
		};
		18AE88D8268AE58C00EBC129 /* Build configuration list for PBXNativeTarget "MascotaUITests" */ = {
			isa = XCConfigurationList;
			buildConfigurations = (
				18AE88D9268AE58C00EBC129 /* Debug */,
				18AE88DA268AE58C00EBC129 /* Release */,
			);
			defaultConfigurationIsVisible = 0;
			defaultConfigurationName = Release;
		};
/* End XCConfigurationList section */
	};
	rootObject = 18AE88A0268AE58A00EBC129 /* Project object */;
}
